
Microsoft Visual Studio Solution File, Format Version 12.00
# Visual Studio Version 17
VisualStudioVersion = 17.0.31912.275
MinimumVisualStudioVersion = 10.0.40219.1
Project("{2150E333-8FDC-42A3-9474-1A3956D46DE8}") = "Solution Items", "Solution Items", "{4E8727C8-DA41-4C8F-A9D5-EC838A777BC7}"
	ProjectSection(SolutionItems) = preProject
		.editorconfig = .editorconfig
		Local.testsettings = Local.testsettings
		TraceAndTestImpact.testsettings = TraceAndTestImpact.testsettings
		work4.vsmdi = work4.vsmdi
	EndProjectSection
EndProject
Project("{FAE04EC0-301F-11D3-BF4B-00C04F79EFBC}") = "ActiveWorks", "ActiveWorks\ActiveWorks.csproj", "{E33EE056-9AC0-44F2-9E4A-6691C16BC375}"
	ProjectSection(ProjectDependencies) = postProject
		{583B2E53-7117-4BA3-8B11-4E568AE7157C} = {583B2E53-7117-4BA3-8B11-4E568AE7157C}
		{CD75770A-E81D-49E6-9E9C-CF104172C48F} = {CD75770A-E81D-49E6-9E9C-CF104172C48F}
	EndProjectSection
EndProject
Project("{FAE04EC0-301F-11D3-BF4B-00C04F79EFBC}") = "Job", "Job\Job.csproj", "{20640AA0-AB38-4499-8B96-99143A3B033E}"
EndProject
Project("{FAE04EC0-301F-11D3-BF4B-00C04F79EFBC}") = "FtpClient", "FtpClient\FtpClient.csproj", "{CD75770A-E81D-49E6-9E9C-CF104172C48F}"
EndProject
Project("{FAE04EC0-301F-11D3-BF4B-00C04F79EFBC}") = "MailNotifier", "MailNotifier\MailNotifier.csproj", "{32FF055B-5267-4802-BDC7-94D965CD730C}"
EndProject
Project("{FAE04EC0-301F-11D3-BF4B-00C04F79EFBC}") = "Plugins", "Plugins\Plugins.csproj", "{348B842C-D367-46BC-9C46-4E5114EE9B56}"
EndProject
Project("{FAE04EC0-301F-11D3-BF4B-00C04F79EFBC}") = "CasheViewer", "CasheViewer\CasheViewer.csproj", "{905750A5-F025-47BB-9F5A-81D7EBD0277D}"
EndProject
Project("{FAE04EC0-301F-11D3-BF4B-00C04F79EFBC}") = "Repro", "Repro\Repro.csproj", "{1293B563-EEA2-429F-8866-8DE86B2D1D6A}"
EndProject
Project("{FAE04EC0-301F-11D3-BF4B-00C04F79EFBC}") = "Shared", "Shared\Shared.csproj", "{EE3D7AAA-F7A1-4B37-981A-848A4A6831D7}"
EndProject
Project("{FAE04EC0-301F-11D3-BF4B-00C04F79EFBC}") = "SpeedDevelopingPlate", "SpeedDevelopingPlate\SpeedDevelopingPlate.csproj", "{AD297D10-DDD3-438A-A9EB-1C77C2535905}"
EndProject
Project("{FAE04EC0-301F-11D3-BF4B-00C04F79EFBC}") = "TIFFB2JDF", "TIFFB2JDF\TIFFB2JDF.csproj", "{CF07395A-59A1-4244-9AAE-11F1ACD74747}"
EndProject
Project("{FAE04EC0-301F-11D3-BF4B-00C04F79EFBC}") = "Interfaces", "Interfaces\Interfaces.csproj", "{BB0FE1FA-8C37-4E59-A548-669F97109E64}"
EndProject
Project("{FAE04EC0-301F-11D3-BF4B-00C04F79EFBC}") = "WeekReport", "WeekReport\WeekReport.csproj", "{BE3F4CC7-1C9D-4F49-862E-BDF25E84858E}"
EndProject
Project("{FAE04EC0-301F-11D3-BF4B-00C04F79EFBC}") = "StaticFiles", "StaticFiles\StaticFiles.csproj", "{C3715EAD-232D-4B0F-8D21-0D50BF2CA4CA}"
EndProject
Project("{FAE04EC0-301F-11D3-BF4B-00C04F79EFBC}") = "Logger", "Logger\Logger.csproj", "{AC6CFED7-8E64-469F-A97D-C25B644CD8A3}"
EndProject
Project("{FAE04EC0-301F-11D3-BF4B-00C04F79EFBC}") = "OrderInfo", "OrderInfo\OrderInfo.csproj", "{AF13E994-0F4D-42AF-A20F-6D3ABD53F9FE}"
EndProject
Project("{FAE04EC0-301F-11D3-BF4B-00C04F79EFBC}") = "ShowProgress", "ShowProgress\ShowProgress.csproj", "{75C06626-64C3-4683-90DE-BD87ADF64C29}"
EndProject
Project("{FAE04EC0-301F-11D3-BF4B-00C04F79EFBC}") = "ExtensionMethods", "ExtensionMethods\ExtensionMethods.csproj", "{EFE36109-BE2C-49CE-82DF-5649F61898C0}"
EndProject
Project("{FAE04EC0-301F-11D3-BF4B-00C04F79EFBC}") = "PdfSpreader", "PdfSpreader\PdfSpreader.csproj", "{122612CC-F070-472E-877C-4DC9D86275E5}"
EndProject
Project("{FAE04EC0-301F-11D3-BF4B-00C04F79EFBC}") = "PythonEngine", "PythonEngine\PythonEngine.csproj", "{E1774431-C670-49CE-A879-63D3D1599F1A}"
EndProject
Project("{FAE04EC0-301F-11D3-BF4B-00C04F79EFBC}") = "PluginWorkProcessPlates", "PluginWorkProcessPlates\PluginWorkProcessPlates.csproj", "{C2C71DAB-3A79-4C96-8F36-7DD4247C414A}"
EndProject
Project("{FAE04EC0-301F-11D3-BF4B-00C04F79EFBC}") = "PluginWorkPrepress", "PluginWorkPrepress\PluginWorkPrepress.csproj", "{B407D46B-4515-48B0-AA2A-E362DA4345AC}"
EndProject
Project("{FAE04EC0-301F-11D3-BF4B-00C04F79EFBC}") = "PolymixNumberOrderFix", "PolymixNumberOrderFix\PolymixNumberOrderFix.csproj", "{F92E896D-3E0E-41B3-90AE-FEDAD994AD1D}"
EndProject
Project("{FAE04EC0-301F-11D3-BF4B-00C04F79EFBC}") = "PluginMailAttachmentsToNextcloud", "PluginMailAttachmentsToNexcloud\PluginMailAttachmentsToNextcloud.csproj", "{3D23E88E-DD21-4137-A47D-12ED38686CE3}"
EndProject
Project("{FAE04EC0-301F-11D3-BF4B-00C04F79EFBC}") = "PluginAddWorkFromPolymix", "PluginAddWorkFromPolymix\PluginAddWorkFromPolymix.csproj", "{0C454C2B-4134-4C31-A0C5-FB29F47A0403}"
EndProject
Project("{FAE04EC0-301F-11D3-BF4B-00C04F79EFBC}") = "PluginSoundNotify", "PluginSoundNotify\PluginSoundNotify.csproj", "{64185463-807A-44A0-8970-008F7A33C2C7}"
EndProject
Project("{FAE04EC0-301F-11D3-BF4B-00C04F79EFBC}") = "PluginColorJobListRow", "PluginColorJobListRow\PluginColorJobListRow.csproj", "{7EC5B4DA-8C39-4CA0-8F63-431E95753D4F}"
EndProject
Project("{FAE04EC0-301F-11D3-BF4B-00C04F79EFBC}") = "PluginRabbitMq", "PluginRabbitMq\PluginRabbitMq.csproj", "{583B2E53-7117-4BA3-8B11-4E568AE7157C}"
EndProject
Project("{FAE04EC0-301F-11D3-BF4B-00C04F79EFBC}") = "BackgroundTaskServiceLib", "BackgroundTaskServiceLib\BackgroundTaskServiceLib.csproj", "{0ACD233F-DC92-4456-818C-F6841ADDD9CB}"
EndProject
Project("{FAE04EC0-301F-11D3-BF4B-00C04F79EFBC}") = "PluginGMail", "PluginGMail\PluginGMail.csproj", "{AF956FC7-DAE6-4BD5-89D7-869619A93262}"
EndProject
Project("{FAE04EC0-301F-11D3-BF4B-00C04F79EFBC}") = "PluginFileshareWeb", "PluginFileshareWeb\PluginFileshareWeb.csproj", "{53325F7D-91FF-4C79-A0C8-91ED3AE7DC90}"
EndProject
Project("{FAE04EC0-301F-11D3-BF4B-00C04F79EFBC}") = "PluginTelegramNotify", "PluginTelegramNotify\PluginTelegramNotify.csproj", "{DE31AB43-858A-46C9-8587-D313C2D78FE1}"
EndProject
Project("{FAE04EC0-301F-11D3-BF4B-00C04F79EFBC}") = "CSScriptEngine", "CSScriptEngine\CSScriptEngine.csproj", "{72F33FD9-02A5-4372-A617-2E882E88A976}"
EndProject
Global
	GlobalSection(SolutionConfigurationPlatforms) = preSolution
		Debug|Any CPU = Debug|Any CPU
		Debug|Mixed Platforms = Debug|Mixed Platforms
		Debug|x64 = Debug|x64
		Debug|x86 = Debug|x86
		Release|Any CPU = Release|Any CPU
		Release|Mixed Platforms = Release|Mixed Platforms
		Release|x64 = Release|x64
		Release|x86 = Release|x86
		SERVER|Any CPU = SERVER|Any CPU
		SERVER|Mixed Platforms = SERVER|Mixed Platforms
		SERVER|x64 = SERVER|x64
		SERVER|x86 = SERVER|x86
	EndGlobalSection
	GlobalSection(ProjectConfigurationPlatforms) = postSolution
		{E33EE056-9AC0-44F2-9E4A-6691C16BC375}.Debug|Any CPU.ActiveCfg = Debug|Any CPU
		{E33EE056-9AC0-44F2-9E4A-6691C16BC375}.Debug|Any CPU.Build.0 = Debug|Any CPU
		{E33EE056-9AC0-44F2-9E4A-6691C16BC375}.Debug|Mixed Platforms.ActiveCfg = Debug|Any CPU
		{E33EE056-9AC0-44F2-9E4A-6691C16BC375}.Debug|Mixed Platforms.Build.0 = Debug|Any CPU
		{E33EE056-9AC0-44F2-9E4A-6691C16BC375}.Debug|x64.ActiveCfg = Debug|x64
		{E33EE056-9AC0-44F2-9E4A-6691C16BC375}.Debug|x64.Build.0 = Debug|x64
		{E33EE056-9AC0-44F2-9E4A-6691C16BC375}.Debug|x86.ActiveCfg = Debug|Any CPU
		{E33EE056-9AC0-44F2-9E4A-6691C16BC375}.Debug|x86.Build.0 = Debug|Any CPU
		{E33EE056-9AC0-44F2-9E4A-6691C16BC375}.Debug|x86.Deploy.0 = Debug|Any CPU
		{E33EE056-9AC0-44F2-9E4A-6691C16BC375}.Release|Any CPU.ActiveCfg = Release|Any CPU
		{E33EE056-9AC0-44F2-9E4A-6691C16BC375}.Release|Any CPU.Build.0 = Release|Any CPU
		{E33EE056-9AC0-44F2-9E4A-6691C16BC375}.Release|Mixed Platforms.ActiveCfg = Release|Any CPU
		{E33EE056-9AC0-44F2-9E4A-6691C16BC375}.Release|Mixed Platforms.Build.0 = Release|Any CPU
		{E33EE056-9AC0-44F2-9E4A-6691C16BC375}.Release|x64.ActiveCfg = Release|x64
		{E33EE056-9AC0-44F2-9E4A-6691C16BC375}.Release|x64.Build.0 = Release|x64
		{E33EE056-9AC0-44F2-9E4A-6691C16BC375}.Release|x86.ActiveCfg = Release|x86
		{E33EE056-9AC0-44F2-9E4A-6691C16BC375}.Release|x86.Build.0 = Release|x86
		{E33EE056-9AC0-44F2-9E4A-6691C16BC375}.SERVER|Any CPU.ActiveCfg = Release|Any CPU
		{E33EE056-9AC0-44F2-9E4A-6691C16BC375}.SERVER|Any CPU.Build.0 = Release|Any CPU
		{E33EE056-9AC0-44F2-9E4A-6691C16BC375}.SERVER|Mixed Platforms.ActiveCfg = Release|Any CPU
		{E33EE056-9AC0-44F2-9E4A-6691C16BC375}.SERVER|Mixed Platforms.Build.0 = Release|Any CPU
		{E33EE056-9AC0-44F2-9E4A-6691C16BC375}.SERVER|x64.ActiveCfg = Release|x64
		{E33EE056-9AC0-44F2-9E4A-6691C16BC375}.SERVER|x64.Build.0 = Release|x64
		{E33EE056-9AC0-44F2-9E4A-6691C16BC375}.SERVER|x86.ActiveCfg = Release|Any CPU
		{20640AA0-AB38-4499-8B96-99143A3B033E}.Debug|Any CPU.ActiveCfg = Debug|Any CPU
		{20640AA0-AB38-4499-8B96-99143A3B033E}.Debug|Any CPU.Build.0 = Debug|Any CPU
		{20640AA0-AB38-4499-8B96-99143A3B033E}.Debug|Mixed Platforms.ActiveCfg = Debug|Any CPU
		{20640AA0-AB38-4499-8B96-99143A3B033E}.Debug|Mixed Platforms.Build.0 = Debug|Any CPU
		{20640AA0-AB38-4499-8B96-99143A3B033E}.Debug|x64.ActiveCfg = Debug|x64
		{20640AA0-AB38-4499-8B96-99143A3B033E}.Debug|x64.Build.0 = Debug|x64
		{20640AA0-AB38-4499-8B96-99143A3B033E}.Debug|x86.ActiveCfg = Debug|Any CPU
		{20640AA0-AB38-4499-8B96-99143A3B033E}.Debug|x86.Build.0 = Debug|Any CPU
		{20640AA0-AB38-4499-8B96-99143A3B033E}.Release|Any CPU.ActiveCfg = Release|Any CPU
		{20640AA0-AB38-4499-8B96-99143A3B033E}.Release|Any CPU.Build.0 = Release|Any CPU
		{20640AA0-AB38-4499-8B96-99143A3B033E}.Release|Mixed Platforms.ActiveCfg = Release|Any CPU
		{20640AA0-AB38-4499-8B96-99143A3B033E}.Release|Mixed Platforms.Build.0 = Release|Any CPU
		{20640AA0-AB38-4499-8B96-99143A3B033E}.Release|x64.ActiveCfg = Release|x64
		{20640AA0-AB38-4499-8B96-99143A3B033E}.Release|x64.Build.0 = Release|x64
		{20640AA0-AB38-4499-8B96-99143A3B033E}.Release|x86.ActiveCfg = Release|x86
		{20640AA0-AB38-4499-8B96-99143A3B033E}.Release|x86.Build.0 = Release|x86
		{20640AA0-AB38-4499-8B96-99143A3B033E}.SERVER|Any CPU.ActiveCfg = Release|Any CPU
		{20640AA0-AB38-4499-8B96-99143A3B033E}.SERVER|Any CPU.Build.0 = Release|Any CPU
		{20640AA0-AB38-4499-8B96-99143A3B033E}.SERVER|Mixed Platforms.ActiveCfg = Release|Any CPU
		{20640AA0-AB38-4499-8B96-99143A3B033E}.SERVER|Mixed Platforms.Build.0 = Release|Any CPU
		{20640AA0-AB38-4499-8B96-99143A3B033E}.SERVER|x64.ActiveCfg = Release|x64
		{20640AA0-AB38-4499-8B96-99143A3B033E}.SERVER|x64.Build.0 = Release|x64
		{20640AA0-AB38-4499-8B96-99143A3B033E}.SERVER|x86.ActiveCfg = Release|Any CPU
		{CD75770A-E81D-49E6-9E9C-CF104172C48F}.Debug|Any CPU.ActiveCfg = Debug|Any CPU
		{CD75770A-E81D-49E6-9E9C-CF104172C48F}.Debug|Mixed Platforms.ActiveCfg = Debug|Any CPU
		{CD75770A-E81D-49E6-9E9C-CF104172C48F}.Debug|Mixed Platforms.Build.0 = Debug|Any CPU
		{CD75770A-E81D-49E6-9E9C-CF104172C48F}.Debug|x64.ActiveCfg = Debug|x64
		{CD75770A-E81D-49E6-9E9C-CF104172C48F}.Debug|x64.Build.0 = Debug|x64
		{CD75770A-E81D-49E6-9E9C-CF104172C48F}.Debug|x86.ActiveCfg = Debug|Any CPU
		{CD75770A-E81D-49E6-9E9C-CF104172C48F}.Debug|x86.Build.0 = Debug|Any CPU
		{CD75770A-E81D-49E6-9E9C-CF104172C48F}.Release|Any CPU.ActiveCfg = Release|Any CPU
		{CD75770A-E81D-49E6-9E9C-CF104172C48F}.Release|Any CPU.Build.0 = Release|Any CPU
		{CD75770A-E81D-49E6-9E9C-CF104172C48F}.Release|Mixed Platforms.ActiveCfg = Release|Any CPU
		{CD75770A-E81D-49E6-9E9C-CF104172C48F}.Release|Mixed Platforms.Build.0 = Release|Any CPU
		{CD75770A-E81D-49E6-9E9C-CF104172C48F}.Release|x64.ActiveCfg = Release|x64
		{CD75770A-E81D-49E6-9E9C-CF104172C48F}.Release|x64.Build.0 = Release|x64
		{CD75770A-E81D-49E6-9E9C-CF104172C48F}.Release|x86.ActiveCfg = Release|x86
		{CD75770A-E81D-49E6-9E9C-CF104172C48F}.Release|x86.Build.0 = Release|x86
		{CD75770A-E81D-49E6-9E9C-CF104172C48F}.SERVER|Any CPU.ActiveCfg = Release|Any CPU
		{CD75770A-E81D-49E6-9E9C-CF104172C48F}.SERVER|Any CPU.Build.0 = Release|Any CPU
		{CD75770A-E81D-49E6-9E9C-CF104172C48F}.SERVER|Mixed Platforms.ActiveCfg = Release|Any CPU
		{CD75770A-E81D-49E6-9E9C-CF104172C48F}.SERVER|Mixed Platforms.Build.0 = Release|Any CPU
		{CD75770A-E81D-49E6-9E9C-CF104172C48F}.SERVER|x64.ActiveCfg = Release|x64
		{CD75770A-E81D-49E6-9E9C-CF104172C48F}.SERVER|x64.Build.0 = Release|x64
		{CD75770A-E81D-49E6-9E9C-CF104172C48F}.SERVER|x86.ActiveCfg = Release|Any CPU
		{32FF055B-5267-4802-BDC7-94D965CD730C}.Debug|Any CPU.ActiveCfg = Debug|Any CPU
		{32FF055B-5267-4802-BDC7-94D965CD730C}.Debug|Mixed Platforms.ActiveCfg = Debug|Any CPU
		{32FF055B-5267-4802-BDC7-94D965CD730C}.Debug|Mixed Platforms.Build.0 = Debug|Any CPU
		{32FF055B-5267-4802-BDC7-94D965CD730C}.Debug|x64.ActiveCfg = Debug|x64
		{32FF055B-5267-4802-BDC7-94D965CD730C}.Debug|x64.Build.0 = Debug|x64
		{32FF055B-5267-4802-BDC7-94D965CD730C}.Debug|x86.ActiveCfg = Debug|Any CPU
		{32FF055B-5267-4802-BDC7-94D965CD730C}.Debug|x86.Build.0 = Debug|Any CPU
		{32FF055B-5267-4802-BDC7-94D965CD730C}.Release|Any CPU.ActiveCfg = Release|Any CPU
		{32FF055B-5267-4802-BDC7-94D965CD730C}.Release|Any CPU.Build.0 = Release|Any CPU
		{32FF055B-5267-4802-BDC7-94D965CD730C}.Release|Mixed Platforms.ActiveCfg = Release|Any CPU
		{32FF055B-5267-4802-BDC7-94D965CD730C}.Release|Mixed Platforms.Build.0 = Release|Any CPU
		{32FF055B-5267-4802-BDC7-94D965CD730C}.Release|x64.ActiveCfg = Release|x64
		{32FF055B-5267-4802-BDC7-94D965CD730C}.Release|x64.Build.0 = Release|x64
		{32FF055B-5267-4802-BDC7-94D965CD730C}.Release|x86.ActiveCfg = Release|x86
		{32FF055B-5267-4802-BDC7-94D965CD730C}.Release|x86.Build.0 = Release|x86
		{32FF055B-5267-4802-BDC7-94D965CD730C}.SERVER|Any CPU.ActiveCfg = Release|Any CPU
		{32FF055B-5267-4802-BDC7-94D965CD730C}.SERVER|Any CPU.Build.0 = Release|Any CPU
		{32FF055B-5267-4802-BDC7-94D965CD730C}.SERVER|Mixed Platforms.ActiveCfg = Release|Any CPU
		{32FF055B-5267-4802-BDC7-94D965CD730C}.SERVER|Mixed Platforms.Build.0 = Release|Any CPU
		{32FF055B-5267-4802-BDC7-94D965CD730C}.SERVER|x64.ActiveCfg = Release|x64
		{32FF055B-5267-4802-BDC7-94D965CD730C}.SERVER|x64.Build.0 = Release|x64
		{32FF055B-5267-4802-BDC7-94D965CD730C}.SERVER|x86.ActiveCfg = Release|Any CPU
		{348B842C-D367-46BC-9C46-4E5114EE9B56}.Debug|Any CPU.ActiveCfg = Debug|Any CPU
		{348B842C-D367-46BC-9C46-4E5114EE9B56}.Debug|Mixed Platforms.ActiveCfg = Debug|Any CPU
		{348B842C-D367-46BC-9C46-4E5114EE9B56}.Debug|Mixed Platforms.Build.0 = Debug|Any CPU
		{348B842C-D367-46BC-9C46-4E5114EE9B56}.Debug|x64.ActiveCfg = Debug|x64
		{348B842C-D367-46BC-9C46-4E5114EE9B56}.Debug|x64.Build.0 = Debug|x64
		{348B842C-D367-46BC-9C46-4E5114EE9B56}.Debug|x86.ActiveCfg = Debug|Any CPU
		{348B842C-D367-46BC-9C46-4E5114EE9B56}.Debug|x86.Build.0 = Debug|Any CPU
		{348B842C-D367-46BC-9C46-4E5114EE9B56}.Release|Any CPU.ActiveCfg = Release|Any CPU
		{348B842C-D367-46BC-9C46-4E5114EE9B56}.Release|Any CPU.Build.0 = Release|Any CPU
		{348B842C-D367-46BC-9C46-4E5114EE9B56}.Release|Mixed Platforms.ActiveCfg = Release|Any CPU
		{348B842C-D367-46BC-9C46-4E5114EE9B56}.Release|Mixed Platforms.Build.0 = Release|Any CPU
		{348B842C-D367-46BC-9C46-4E5114EE9B56}.Release|x64.ActiveCfg = Release|x64
		{348B842C-D367-46BC-9C46-4E5114EE9B56}.Release|x64.Build.0 = Release|x64
		{348B842C-D367-46BC-9C46-4E5114EE9B56}.Release|x86.ActiveCfg = Release|Any CPU
		{348B842C-D367-46BC-9C46-4E5114EE9B56}.Release|x86.Build.0 = Release|Any CPU
		{348B842C-D367-46BC-9C46-4E5114EE9B56}.SERVER|Any CPU.ActiveCfg = Release|Any CPU
		{348B842C-D367-46BC-9C46-4E5114EE9B56}.SERVER|Any CPU.Build.0 = Release|Any CPU
		{348B842C-D367-46BC-9C46-4E5114EE9B56}.SERVER|Mixed Platforms.ActiveCfg = Release|Any CPU
		{348B842C-D367-46BC-9C46-4E5114EE9B56}.SERVER|Mixed Platforms.Build.0 = Release|Any CPU
		{348B842C-D367-46BC-9C46-4E5114EE9B56}.SERVER|x64.ActiveCfg = Release|x64
		{348B842C-D367-46BC-9C46-4E5114EE9B56}.SERVER|x64.Build.0 = Release|x64
		{348B842C-D367-46BC-9C46-4E5114EE9B56}.SERVER|x86.ActiveCfg = Release|Any CPU
		{905750A5-F025-47BB-9F5A-81D7EBD0277D}.Debug|Any CPU.ActiveCfg = Debug|Any CPU
		{905750A5-F025-47BB-9F5A-81D7EBD0277D}.Debug|Mixed Platforms.ActiveCfg = Debug|Any CPU
		{905750A5-F025-47BB-9F5A-81D7EBD0277D}.Debug|Mixed Platforms.Build.0 = Debug|Any CPU
		{905750A5-F025-47BB-9F5A-81D7EBD0277D}.Debug|x64.ActiveCfg = Debug|x64
		{905750A5-F025-47BB-9F5A-81D7EBD0277D}.Debug|x64.Build.0 = Debug|x64
		{905750A5-F025-47BB-9F5A-81D7EBD0277D}.Debug|x86.ActiveCfg = Debug|Any CPU
		{905750A5-F025-47BB-9F5A-81D7EBD0277D}.Debug|x86.Build.0 = Debug|Any CPU
		{905750A5-F025-47BB-9F5A-81D7EBD0277D}.Release|Any CPU.ActiveCfg = Release|Any CPU
		{905750A5-F025-47BB-9F5A-81D7EBD0277D}.Release|Any CPU.Build.0 = Release|Any CPU
		{905750A5-F025-47BB-9F5A-81D7EBD0277D}.Release|Mixed Platforms.ActiveCfg = Release|Any CPU
		{905750A5-F025-47BB-9F5A-81D7EBD0277D}.Release|Mixed Platforms.Build.0 = Release|Any CPU
		{905750A5-F025-47BB-9F5A-81D7EBD0277D}.Release|x64.ActiveCfg = Release|x64
		{905750A5-F025-47BB-9F5A-81D7EBD0277D}.Release|x64.Build.0 = Release|x64
		{905750A5-F025-47BB-9F5A-81D7EBD0277D}.Release|x86.ActiveCfg = Release|Any CPU
		{905750A5-F025-47BB-9F5A-81D7EBD0277D}.Release|x86.Build.0 = Release|Any CPU
		{905750A5-F025-47BB-9F5A-81D7EBD0277D}.SERVER|Any CPU.ActiveCfg = Release|Any CPU
		{905750A5-F025-47BB-9F5A-81D7EBD0277D}.SERVER|Any CPU.Build.0 = Release|Any CPU
		{905750A5-F025-47BB-9F5A-81D7EBD0277D}.SERVER|Mixed Platforms.ActiveCfg = Release|Any CPU
		{905750A5-F025-47BB-9F5A-81D7EBD0277D}.SERVER|Mixed Platforms.Build.0 = Release|Any CPU
		{905750A5-F025-47BB-9F5A-81D7EBD0277D}.SERVER|x64.ActiveCfg = Release|x64
		{905750A5-F025-47BB-9F5A-81D7EBD0277D}.SERVER|x64.Build.0 = Release|x64
		{905750A5-F025-47BB-9F5A-81D7EBD0277D}.SERVER|x86.ActiveCfg = Release|Any CPU
		{905750A5-F025-47BB-9F5A-81D7EBD0277D}.SERVER|x86.Build.0 = Release|Any CPU
		{1293B563-EEA2-429F-8866-8DE86B2D1D6A}.Debug|Any CPU.ActiveCfg = Debug|Any CPU
		{1293B563-EEA2-429F-8866-8DE86B2D1D6A}.Debug|Mixed Platforms.ActiveCfg = Debug|Any CPU
		{1293B563-EEA2-429F-8866-8DE86B2D1D6A}.Debug|Mixed Platforms.Build.0 = Debug|Any CPU
		{1293B563-EEA2-429F-8866-8DE86B2D1D6A}.Debug|x64.ActiveCfg = Debug|x64
		{1293B563-EEA2-429F-8866-8DE86B2D1D6A}.Debug|x64.Build.0 = Debug|x64
		{1293B563-EEA2-429F-8866-8DE86B2D1D6A}.Debug|x86.ActiveCfg = Debug|x86
		{1293B563-EEA2-429F-8866-8DE86B2D1D6A}.Release|Any CPU.ActiveCfg = Release|Any CPU
		{1293B563-EEA2-429F-8866-8DE86B2D1D6A}.Release|Any CPU.Build.0 = Release|Any CPU
		{1293B563-EEA2-429F-8866-8DE86B2D1D6A}.Release|Mixed Platforms.ActiveCfg = Release|Any CPU
		{1293B563-EEA2-429F-8866-8DE86B2D1D6A}.Release|Mixed Platforms.Build.0 = Release|Any CPU
		{1293B563-EEA2-429F-8866-8DE86B2D1D6A}.Release|x64.ActiveCfg = Release|x64
		{1293B563-EEA2-429F-8866-8DE86B2D1D6A}.Release|x64.Build.0 = Release|x64
		{1293B563-EEA2-429F-8866-8DE86B2D1D6A}.Release|x86.ActiveCfg = Release|Any CPU
		{1293B563-EEA2-429F-8866-8DE86B2D1D6A}.Release|x86.Build.0 = Release|Any CPU
		{1293B563-EEA2-429F-8866-8DE86B2D1D6A}.SERVER|Any CPU.ActiveCfg = Release|Any CPU
		{1293B563-EEA2-429F-8866-8DE86B2D1D6A}.SERVER|Any CPU.Build.0 = Release|Any CPU
		{1293B563-EEA2-429F-8866-8DE86B2D1D6A}.SERVER|Mixed Platforms.ActiveCfg = Release|Any CPU
		{1293B563-EEA2-429F-8866-8DE86B2D1D6A}.SERVER|Mixed Platforms.Build.0 = Release|Any CPU
		{1293B563-EEA2-429F-8866-8DE86B2D1D6A}.SERVER|x64.ActiveCfg = Release|x64
		{1293B563-EEA2-429F-8866-8DE86B2D1D6A}.SERVER|x64.Build.0 = Release|x64
		{1293B563-EEA2-429F-8866-8DE86B2D1D6A}.SERVER|x86.ActiveCfg = Release|Any CPU
		{1293B563-EEA2-429F-8866-8DE86B2D1D6A}.SERVER|x86.Build.0 = Release|Any CPU
		{EE3D7AAA-F7A1-4B37-981A-848A4A6831D7}.Debug|Any CPU.ActiveCfg = Debug|Any CPU
		{EE3D7AAA-F7A1-4B37-981A-848A4A6831D7}.Debug|Mixed Platforms.ActiveCfg = Debug|Any CPU
		{EE3D7AAA-F7A1-4B37-981A-848A4A6831D7}.Debug|Mixed Platforms.Build.0 = Debug|Any CPU
		{EE3D7AAA-F7A1-4B37-981A-848A4A6831D7}.Debug|x64.ActiveCfg = Debug|x64
		{EE3D7AAA-F7A1-4B37-981A-848A4A6831D7}.Debug|x64.Build.0 = Debug|x64
		{EE3D7AAA-F7A1-4B37-981A-848A4A6831D7}.Debug|x86.ActiveCfg = Debug|Any CPU
		{EE3D7AAA-F7A1-4B37-981A-848A4A6831D7}.Debug|x86.Build.0 = Debug|Any CPU
		{EE3D7AAA-F7A1-4B37-981A-848A4A6831D7}.Release|Any CPU.ActiveCfg = Release|Any CPU
		{EE3D7AAA-F7A1-4B37-981A-848A4A6831D7}.Release|Any CPU.Build.0 = Release|Any CPU
		{EE3D7AAA-F7A1-4B37-981A-848A4A6831D7}.Release|Mixed Platforms.ActiveCfg = Release|Any CPU
		{EE3D7AAA-F7A1-4B37-981A-848A4A6831D7}.Release|Mixed Platforms.Build.0 = Release|Any CPU
		{EE3D7AAA-F7A1-4B37-981A-848A4A6831D7}.Release|x64.ActiveCfg = Release|x64
		{EE3D7AAA-F7A1-4B37-981A-848A4A6831D7}.Release|x64.Build.0 = Release|x64
		{EE3D7AAA-F7A1-4B37-981A-848A4A6831D7}.Release|x86.ActiveCfg = Release|Any CPU
		{EE3D7AAA-F7A1-4B37-981A-848A4A6831D7}.Release|x86.Build.0 = Release|Any CPU
		{EE3D7AAA-F7A1-4B37-981A-848A4A6831D7}.SERVER|Any CPU.ActiveCfg = Release|Any CPU
		{EE3D7AAA-F7A1-4B37-981A-848A4A6831D7}.SERVER|Any CPU.Build.0 = Release|Any CPU
		{EE3D7AAA-F7A1-4B37-981A-848A4A6831D7}.SERVER|Mixed Platforms.ActiveCfg = Release|Any CPU
		{EE3D7AAA-F7A1-4B37-981A-848A4A6831D7}.SERVER|Mixed Platforms.Build.0 = Release|Any CPU
		{EE3D7AAA-F7A1-4B37-981A-848A4A6831D7}.SERVER|x64.ActiveCfg = Release|x64
		{EE3D7AAA-F7A1-4B37-981A-848A4A6831D7}.SERVER|x64.Build.0 = Release|x64
		{EE3D7AAA-F7A1-4B37-981A-848A4A6831D7}.SERVER|x86.ActiveCfg = Release|Any CPU
		{EE3D7AAA-F7A1-4B37-981A-848A4A6831D7}.SERVER|x86.Build.0 = Release|Any CPU
		{AD297D10-DDD3-438A-A9EB-1C77C2535905}.Debug|Any CPU.ActiveCfg = Debug|Any CPU
		{AD297D10-DDD3-438A-A9EB-1C77C2535905}.Debug|Mixed Platforms.ActiveCfg = Debug|Any CPU
		{AD297D10-DDD3-438A-A9EB-1C77C2535905}.Debug|Mixed Platforms.Build.0 = Debug|Any CPU
		{AD297D10-DDD3-438A-A9EB-1C77C2535905}.Debug|x64.ActiveCfg = Debug|x64
		{AD297D10-DDD3-438A-A9EB-1C77C2535905}.Debug|x64.Build.0 = Debug|x64
		{AD297D10-DDD3-438A-A9EB-1C77C2535905}.Debug|x86.ActiveCfg = Debug|x86
		{AD297D10-DDD3-438A-A9EB-1C77C2535905}.Release|Any CPU.ActiveCfg = Release|Any CPU
		{AD297D10-DDD3-438A-A9EB-1C77C2535905}.Release|Any CPU.Build.0 = Release|Any CPU
		{AD297D10-DDD3-438A-A9EB-1C77C2535905}.Release|Mixed Platforms.ActiveCfg = Release|Any CPU
		{AD297D10-DDD3-438A-A9EB-1C77C2535905}.Release|Mixed Platforms.Build.0 = Release|Any CPU
		{AD297D10-DDD3-438A-A9EB-1C77C2535905}.Release|x64.ActiveCfg = Release|x64
		{AD297D10-DDD3-438A-A9EB-1C77C2535905}.Release|x64.Build.0 = Release|x64
		{AD297D10-DDD3-438A-A9EB-1C77C2535905}.Release|x86.ActiveCfg = Release|Any CPU
		{AD297D10-DDD3-438A-A9EB-1C77C2535905}.Release|x86.Build.0 = Release|Any CPU
		{AD297D10-DDD3-438A-A9EB-1C77C2535905}.SERVER|Any CPU.ActiveCfg = Release|Any CPU
		{AD297D10-DDD3-438A-A9EB-1C77C2535905}.SERVER|Any CPU.Build.0 = Release|Any CPU
		{AD297D10-DDD3-438A-A9EB-1C77C2535905}.SERVER|Mixed Platforms.ActiveCfg = Release|Any CPU
		{AD297D10-DDD3-438A-A9EB-1C77C2535905}.SERVER|Mixed Platforms.Build.0 = Release|Any CPU
		{AD297D10-DDD3-438A-A9EB-1C77C2535905}.SERVER|x64.ActiveCfg = Release|x64
		{AD297D10-DDD3-438A-A9EB-1C77C2535905}.SERVER|x64.Build.0 = Release|x64
		{AD297D10-DDD3-438A-A9EB-1C77C2535905}.SERVER|x86.ActiveCfg = Release|Any CPU
		{AD297D10-DDD3-438A-A9EB-1C77C2535905}.SERVER|x86.Build.0 = Release|Any CPU
		{CF07395A-59A1-4244-9AAE-11F1ACD74747}.Debug|Any CPU.ActiveCfg = Debug|Any CPU
		{CF07395A-59A1-4244-9AAE-11F1ACD74747}.Debug|Mixed Platforms.ActiveCfg = Debug|Any CPU
		{CF07395A-59A1-4244-9AAE-11F1ACD74747}.Debug|Mixed Platforms.Build.0 = Debug|Any CPU
		{CF07395A-59A1-4244-9AAE-11F1ACD74747}.Debug|x64.ActiveCfg = Debug|x64
		{CF07395A-59A1-4244-9AAE-11F1ACD74747}.Debug|x64.Build.0 = Debug|x64
		{CF07395A-59A1-4244-9AAE-11F1ACD74747}.Debug|x86.ActiveCfg = Debug|x86
		{CF07395A-59A1-4244-9AAE-11F1ACD74747}.Release|Any CPU.ActiveCfg = Release|Any CPU
		{CF07395A-59A1-4244-9AAE-11F1ACD74747}.Release|Any CPU.Build.0 = Release|Any CPU
		{CF07395A-59A1-4244-9AAE-11F1ACD74747}.Release|Mixed Platforms.ActiveCfg = Release|Any CPU
		{CF07395A-59A1-4244-9AAE-11F1ACD74747}.Release|Mixed Platforms.Build.0 = Release|Any CPU
		{CF07395A-59A1-4244-9AAE-11F1ACD74747}.Release|x64.ActiveCfg = Release|x64
		{CF07395A-59A1-4244-9AAE-11F1ACD74747}.Release|x64.Build.0 = Release|x64
		{CF07395A-59A1-4244-9AAE-11F1ACD74747}.Release|x86.ActiveCfg = Release|Any CPU
		{CF07395A-59A1-4244-9AAE-11F1ACD74747}.Release|x86.Build.0 = Release|Any CPU
		{CF07395A-59A1-4244-9AAE-11F1ACD74747}.SERVER|Any CPU.ActiveCfg = Release|Any CPU
		{CF07395A-59A1-4244-9AAE-11F1ACD74747}.SERVER|Any CPU.Build.0 = Release|Any CPU
		{CF07395A-59A1-4244-9AAE-11F1ACD74747}.SERVER|Mixed Platforms.ActiveCfg = Release|Any CPU
		{CF07395A-59A1-4244-9AAE-11F1ACD74747}.SERVER|Mixed Platforms.Build.0 = Release|Any CPU
		{CF07395A-59A1-4244-9AAE-11F1ACD74747}.SERVER|x64.ActiveCfg = Release|x64
		{CF07395A-59A1-4244-9AAE-11F1ACD74747}.SERVER|x64.Build.0 = Release|x64
		{CF07395A-59A1-4244-9AAE-11F1ACD74747}.SERVER|x86.ActiveCfg = Release|Any CPU
		{CF07395A-59A1-4244-9AAE-11F1ACD74747}.SERVER|x86.Build.0 = Release|Any CPU
		{BB0FE1FA-8C37-4E59-A548-669F97109E64}.Debug|Any CPU.ActiveCfg = Debug|Any CPU
		{BB0FE1FA-8C37-4E59-A548-669F97109E64}.Debug|Mixed Platforms.ActiveCfg = Debug|Any CPU
		{BB0FE1FA-8C37-4E59-A548-669F97109E64}.Debug|Mixed Platforms.Build.0 = Debug|Any CPU
		{BB0FE1FA-8C37-4E59-A548-669F97109E64}.Debug|x64.ActiveCfg = Debug|Any CPU
		{BB0FE1FA-8C37-4E59-A548-669F97109E64}.Debug|x86.ActiveCfg = Debug|Any CPU
		{BB0FE1FA-8C37-4E59-A548-669F97109E64}.Debug|x86.Build.0 = Debug|Any CPU
		{BB0FE1FA-8C37-4E59-A548-669F97109E64}.Release|Any CPU.ActiveCfg = Release|Any CPU
		{BB0FE1FA-8C37-4E59-A548-669F97109E64}.Release|Any CPU.Build.0 = Release|Any CPU
		{BB0FE1FA-8C37-4E59-A548-669F97109E64}.Release|Mixed Platforms.ActiveCfg = Release|Any CPU
		{BB0FE1FA-8C37-4E59-A548-669F97109E64}.Release|Mixed Platforms.Build.0 = Release|Any CPU
		{BB0FE1FA-8C37-4E59-A548-669F97109E64}.Release|x64.ActiveCfg = Release|Any CPU
		{BB0FE1FA-8C37-4E59-A548-669F97109E64}.Release|x86.ActiveCfg = Release|Any CPU
		{BB0FE1FA-8C37-4E59-A548-669F97109E64}.Release|x86.Build.0 = Release|Any CPU
		{BB0FE1FA-8C37-4E59-A548-669F97109E64}.SERVER|Any CPU.ActiveCfg = Release|Any CPU
		{BB0FE1FA-8C37-4E59-A548-669F97109E64}.SERVER|Any CPU.Build.0 = Release|Any CPU
		{BB0FE1FA-8C37-4E59-A548-669F97109E64}.SERVER|Mixed Platforms.ActiveCfg = Release|Any CPU
		{BB0FE1FA-8C37-4E59-A548-669F97109E64}.SERVER|Mixed Platforms.Build.0 = Release|Any CPU
		{BB0FE1FA-8C37-4E59-A548-669F97109E64}.SERVER|x64.ActiveCfg = Release|Any CPU
		{BB0FE1FA-8C37-4E59-A548-669F97109E64}.SERVER|x86.ActiveCfg = Release|Any CPU
		{BB0FE1FA-8C37-4E59-A548-669F97109E64}.SERVER|x86.Build.0 = Release|Any CPU
		{BE3F4CC7-1C9D-4F49-862E-BDF25E84858E}.Debug|Any CPU.ActiveCfg = Debug|Any CPU
		{BE3F4CC7-1C9D-4F49-862E-BDF25E84858E}.Debug|Any CPU.Build.0 = Debug|Any CPU
		{BE3F4CC7-1C9D-4F49-862E-BDF25E84858E}.Debug|Mixed Platforms.ActiveCfg = Debug|Any CPU
		{BE3F4CC7-1C9D-4F49-862E-BDF25E84858E}.Debug|Mixed Platforms.Build.0 = Debug|Any CPU
		{BE3F4CC7-1C9D-4F49-862E-BDF25E84858E}.Debug|x64.ActiveCfg = Debug|x64
		{BE3F4CC7-1C9D-4F49-862E-BDF25E84858E}.Debug|x64.Build.0 = Debug|x64
		{BE3F4CC7-1C9D-4F49-862E-BDF25E84858E}.Debug|x86.ActiveCfg = Debug|x86
		{BE3F4CC7-1C9D-4F49-862E-BDF25E84858E}.Debug|x86.Build.0 = Debug|x86
		{BE3F4CC7-1C9D-4F49-862E-BDF25E84858E}.Release|Any CPU.ActiveCfg = Release|Any CPU
		{BE3F4CC7-1C9D-4F49-862E-BDF25E84858E}.Release|Any CPU.Build.0 = Release|Any CPU
		{BE3F4CC7-1C9D-4F49-862E-BDF25E84858E}.Release|Mixed Platforms.ActiveCfg = Release|Any CPU
		{BE3F4CC7-1C9D-4F49-862E-BDF25E84858E}.Release|Mixed Platforms.Build.0 = Release|Any CPU
		{BE3F4CC7-1C9D-4F49-862E-BDF25E84858E}.Release|x64.ActiveCfg = Release|x64
		{BE3F4CC7-1C9D-4F49-862E-BDF25E84858E}.Release|x64.Build.0 = Release|x64
		{BE3F4CC7-1C9D-4F49-862E-BDF25E84858E}.Release|x86.ActiveCfg = Release|Any CPU
		{BE3F4CC7-1C9D-4F49-862E-BDF25E84858E}.Release|x86.Build.0 = Release|Any CPU
		{BE3F4CC7-1C9D-4F49-862E-BDF25E84858E}.SERVER|Any CPU.ActiveCfg = Release|Any CPU
		{BE3F4CC7-1C9D-4F49-862E-BDF25E84858E}.SERVER|Any CPU.Build.0 = Release|Any CPU
		{BE3F4CC7-1C9D-4F49-862E-BDF25E84858E}.SERVER|Mixed Platforms.ActiveCfg = Release|Any CPU
		{BE3F4CC7-1C9D-4F49-862E-BDF25E84858E}.SERVER|Mixed Platforms.Build.0 = Release|Any CPU
		{BE3F4CC7-1C9D-4F49-862E-BDF25E84858E}.SERVER|x64.ActiveCfg = Release|x64
		{BE3F4CC7-1C9D-4F49-862E-BDF25E84858E}.SERVER|x64.Build.0 = Release|x64
		{BE3F4CC7-1C9D-4F49-862E-BDF25E84858E}.SERVER|x86.ActiveCfg = Release|Any CPU
		{BE3F4CC7-1C9D-4F49-862E-BDF25E84858E}.SERVER|x86.Build.0 = Release|Any CPU
		{C3715EAD-232D-4B0F-8D21-0D50BF2CA4CA}.Debug|Any CPU.ActiveCfg = Debug|Any CPU
		{C3715EAD-232D-4B0F-8D21-0D50BF2CA4CA}.Debug|Mixed Platforms.ActiveCfg = Debug|Any CPU
		{C3715EAD-232D-4B0F-8D21-0D50BF2CA4CA}.Debug|Mixed Platforms.Build.0 = Debug|Any CPU
		{C3715EAD-232D-4B0F-8D21-0D50BF2CA4CA}.Debug|x64.ActiveCfg = Debug|x64
		{C3715EAD-232D-4B0F-8D21-0D50BF2CA4CA}.Debug|x64.Build.0 = Debug|x64
		{C3715EAD-232D-4B0F-8D21-0D50BF2CA4CA}.Debug|x86.ActiveCfg = Debug|Any CPU
		{C3715EAD-232D-4B0F-8D21-0D50BF2CA4CA}.Debug|x86.Build.0 = Debug|Any CPU
		{C3715EAD-232D-4B0F-8D21-0D50BF2CA4CA}.Release|Any CPU.ActiveCfg = Release|Any CPU
		{C3715EAD-232D-4B0F-8D21-0D50BF2CA4CA}.Release|Any CPU.Build.0 = Release|Any CPU
		{C3715EAD-232D-4B0F-8D21-0D50BF2CA4CA}.Release|Mixed Platforms.ActiveCfg = Release|Any CPU
		{C3715EAD-232D-4B0F-8D21-0D50BF2CA4CA}.Release|Mixed Platforms.Build.0 = Release|Any CPU
		{C3715EAD-232D-4B0F-8D21-0D50BF2CA4CA}.Release|x64.ActiveCfg = Release|x64
		{C3715EAD-232D-4B0F-8D21-0D50BF2CA4CA}.Release|x64.Build.0 = Release|x64
		{C3715EAD-232D-4B0F-8D21-0D50BF2CA4CA}.Release|x86.ActiveCfg = Release|Any CPU
		{C3715EAD-232D-4B0F-8D21-0D50BF2CA4CA}.Release|x86.Build.0 = Release|Any CPU
		{C3715EAD-232D-4B0F-8D21-0D50BF2CA4CA}.SERVER|Any CPU.ActiveCfg = Release|Any CPU
		{C3715EAD-232D-4B0F-8D21-0D50BF2CA4CA}.SERVER|Any CPU.Build.0 = Release|Any CPU
		{C3715EAD-232D-4B0F-8D21-0D50BF2CA4CA}.SERVER|Mixed Platforms.ActiveCfg = Release|Any CPU
		{C3715EAD-232D-4B0F-8D21-0D50BF2CA4CA}.SERVER|Mixed Platforms.Build.0 = Release|Any CPU
		{C3715EAD-232D-4B0F-8D21-0D50BF2CA4CA}.SERVER|x64.ActiveCfg = Release|x64
		{C3715EAD-232D-4B0F-8D21-0D50BF2CA4CA}.SERVER|x64.Build.0 = Release|x64
		{C3715EAD-232D-4B0F-8D21-0D50BF2CA4CA}.SERVER|x86.ActiveCfg = Release|Any CPU
		{C3715EAD-232D-4B0F-8D21-0D50BF2CA4CA}.SERVER|x86.Build.0 = Release|Any CPU
		{AC6CFED7-8E64-469F-A97D-C25B644CD8A3}.Debug|Any CPU.ActiveCfg = Debug|Any CPU
		{AC6CFED7-8E64-469F-A97D-C25B644CD8A3}.Debug|Mixed Platforms.ActiveCfg = Debug|Any CPU
		{AC6CFED7-8E64-469F-A97D-C25B644CD8A3}.Debug|Mixed Platforms.Build.0 = Debug|Any CPU
		{AC6CFED7-8E64-469F-A97D-C25B644CD8A3}.Debug|x64.ActiveCfg = Debug|Any CPU
		{AC6CFED7-8E64-469F-A97D-C25B644CD8A3}.Debug|x64.Build.0 = Debug|Any CPU
		{AC6CFED7-8E64-469F-A97D-C25B644CD8A3}.Debug|x86.ActiveCfg = Debug|Any CPU
		{AC6CFED7-8E64-469F-A97D-C25B644CD8A3}.Debug|x86.Build.0 = Debug|Any CPU
		{AC6CFED7-8E64-469F-A97D-C25B644CD8A3}.Release|Any CPU.ActiveCfg = Release|Any CPU
		{AC6CFED7-8E64-469F-A97D-C25B644CD8A3}.Release|Any CPU.Build.0 = Release|Any CPU
		{AC6CFED7-8E64-469F-A97D-C25B644CD8A3}.Release|Mixed Platforms.ActiveCfg = Release|Any CPU
		{AC6CFED7-8E64-469F-A97D-C25B644CD8A3}.Release|Mixed Platforms.Build.0 = Release|Any CPU
		{AC6CFED7-8E64-469F-A97D-C25B644CD8A3}.Release|x64.ActiveCfg = Release|Any CPU
		{AC6CFED7-8E64-469F-A97D-C25B644CD8A3}.Release|x64.Build.0 = Release|Any CPU
		{AC6CFED7-8E64-469F-A97D-C25B644CD8A3}.Release|x86.ActiveCfg = Release|Any CPU
		{AC6CFED7-8E64-469F-A97D-C25B644CD8A3}.Release|x86.Build.0 = Release|Any CPU
		{AC6CFED7-8E64-469F-A97D-C25B644CD8A3}.SERVER|Any CPU.ActiveCfg = Release|Any CPU
		{AC6CFED7-8E64-469F-A97D-C25B644CD8A3}.SERVER|Any CPU.Build.0 = Release|Any CPU
		{AC6CFED7-8E64-469F-A97D-C25B644CD8A3}.SERVER|Mixed Platforms.ActiveCfg = Release|Any CPU
		{AC6CFED7-8E64-469F-A97D-C25B644CD8A3}.SERVER|Mixed Platforms.Build.0 = Release|Any CPU
		{AC6CFED7-8E64-469F-A97D-C25B644CD8A3}.SERVER|x64.ActiveCfg = Release|Any CPU
		{AC6CFED7-8E64-469F-A97D-C25B644CD8A3}.SERVER|x64.Build.0 = Release|Any CPU
		{AC6CFED7-8E64-469F-A97D-C25B644CD8A3}.SERVER|x86.ActiveCfg = Release|Any CPU
		{AC6CFED7-8E64-469F-A97D-C25B644CD8A3}.SERVER|x86.Build.0 = Release|Any CPU
		{AF13E994-0F4D-42AF-A20F-6D3ABD53F9FE}.Debug|Any CPU.ActiveCfg = Debug|Any CPU
		{AF13E994-0F4D-42AF-A20F-6D3ABD53F9FE}.Debug|Mixed Platforms.ActiveCfg = Debug|Any CPU
		{AF13E994-0F4D-42AF-A20F-6D3ABD53F9FE}.Debug|Mixed Platforms.Build.0 = Debug|Any CPU
		{AF13E994-0F4D-42AF-A20F-6D3ABD53F9FE}.Debug|x64.ActiveCfg = Debug|Any CPU
		{AF13E994-0F4D-42AF-A20F-6D3ABD53F9FE}.Debug|x64.Build.0 = Debug|Any CPU
		{AF13E994-0F4D-42AF-A20F-6D3ABD53F9FE}.Debug|x86.ActiveCfg = Debug|Any CPU
		{AF13E994-0F4D-42AF-A20F-6D3ABD53F9FE}.Debug|x86.Build.0 = Debug|Any CPU
		{AF13E994-0F4D-42AF-A20F-6D3ABD53F9FE}.Release|Any CPU.ActiveCfg = Release|Any CPU
		{AF13E994-0F4D-42AF-A20F-6D3ABD53F9FE}.Release|Any CPU.Build.0 = Release|Any CPU
		{AF13E994-0F4D-42AF-A20F-6D3ABD53F9FE}.Release|Mixed Platforms.ActiveCfg = Release|Any CPU
		{AF13E994-0F4D-42AF-A20F-6D3ABD53F9FE}.Release|Mixed Platforms.Build.0 = Release|Any CPU
		{AF13E994-0F4D-42AF-A20F-6D3ABD53F9FE}.Release|x64.ActiveCfg = Release|Any CPU
		{AF13E994-0F4D-42AF-A20F-6D3ABD53F9FE}.Release|x64.Build.0 = Release|Any CPU
		{AF13E994-0F4D-42AF-A20F-6D3ABD53F9FE}.Release|x86.ActiveCfg = Release|Any CPU
		{AF13E994-0F4D-42AF-A20F-6D3ABD53F9FE}.Release|x86.Build.0 = Release|Any CPU
		{AF13E994-0F4D-42AF-A20F-6D3ABD53F9FE}.SERVER|Any CPU.ActiveCfg = Release|Any CPU
		{AF13E994-0F4D-42AF-A20F-6D3ABD53F9FE}.SERVER|Any CPU.Build.0 = Release|Any CPU
		{AF13E994-0F4D-42AF-A20F-6D3ABD53F9FE}.SERVER|Mixed Platforms.ActiveCfg = Release|Any CPU
		{AF13E994-0F4D-42AF-A20F-6D3ABD53F9FE}.SERVER|Mixed Platforms.Build.0 = Release|Any CPU
		{AF13E994-0F4D-42AF-A20F-6D3ABD53F9FE}.SERVER|x64.ActiveCfg = Release|Any CPU
		{AF13E994-0F4D-42AF-A20F-6D3ABD53F9FE}.SERVER|x64.Build.0 = Release|Any CPU
		{AF13E994-0F4D-42AF-A20F-6D3ABD53F9FE}.SERVER|x86.ActiveCfg = Release|Any CPU
		{AF13E994-0F4D-42AF-A20F-6D3ABD53F9FE}.SERVER|x86.Build.0 = Release|Any CPU
		{75C06626-64C3-4683-90DE-BD87ADF64C29}.Debug|Any CPU.ActiveCfg = Debug|Any CPU
		{75C06626-64C3-4683-90DE-BD87ADF64C29}.Debug|Mixed Platforms.ActiveCfg = Debug|Any CPU
		{75C06626-64C3-4683-90DE-BD87ADF64C29}.Debug|Mixed Platforms.Build.0 = Debug|Any CPU
		{75C06626-64C3-4683-90DE-BD87ADF64C29}.Debug|x64.ActiveCfg = Debug|Any CPU
		{75C06626-64C3-4683-90DE-BD87ADF64C29}.Debug|x64.Build.0 = Debug|Any CPU
		{75C06626-64C3-4683-90DE-BD87ADF64C29}.Debug|x86.ActiveCfg = Debug|Any CPU
		{75C06626-64C3-4683-90DE-BD87ADF64C29}.Debug|x86.Build.0 = Debug|Any CPU
		{75C06626-64C3-4683-90DE-BD87ADF64C29}.Release|Any CPU.ActiveCfg = Release|Any CPU
		{75C06626-64C3-4683-90DE-BD87ADF64C29}.Release|Any CPU.Build.0 = Release|Any CPU
		{75C06626-64C3-4683-90DE-BD87ADF64C29}.Release|Mixed Platforms.ActiveCfg = Release|Any CPU
		{75C06626-64C3-4683-90DE-BD87ADF64C29}.Release|Mixed Platforms.Build.0 = Release|Any CPU
		{75C06626-64C3-4683-90DE-BD87ADF64C29}.Release|x64.ActiveCfg = Release|Any CPU
		{75C06626-64C3-4683-90DE-BD87ADF64C29}.Release|x64.Build.0 = Release|Any CPU
		{75C06626-64C3-4683-90DE-BD87ADF64C29}.Release|x86.ActiveCfg = Release|Any CPU
		{75C06626-64C3-4683-90DE-BD87ADF64C29}.Release|x86.Build.0 = Release|Any CPU
		{75C06626-64C3-4683-90DE-BD87ADF64C29}.SERVER|Any CPU.ActiveCfg = Release|Any CPU
		{75C06626-64C3-4683-90DE-BD87ADF64C29}.SERVER|Any CPU.Build.0 = Release|Any CPU
		{75C06626-64C3-4683-90DE-BD87ADF64C29}.SERVER|Mixed Platforms.ActiveCfg = Release|Any CPU
		{75C06626-64C3-4683-90DE-BD87ADF64C29}.SERVER|Mixed Platforms.Build.0 = Release|Any CPU
		{75C06626-64C3-4683-90DE-BD87ADF64C29}.SERVER|x64.ActiveCfg = Release|Any CPU
		{75C06626-64C3-4683-90DE-BD87ADF64C29}.SERVER|x64.Build.0 = Release|Any CPU
		{75C06626-64C3-4683-90DE-BD87ADF64C29}.SERVER|x86.ActiveCfg = Release|Any CPU
		{75C06626-64C3-4683-90DE-BD87ADF64C29}.SERVER|x86.Build.0 = Release|Any CPU
		{EFE36109-BE2C-49CE-82DF-5649F61898C0}.Debug|Any CPU.ActiveCfg = Debug|Any CPU
		{EFE36109-BE2C-49CE-82DF-5649F61898C0}.Debug|Mixed Platforms.ActiveCfg = Debug|Any CPU
		{EFE36109-BE2C-49CE-82DF-5649F61898C0}.Debug|Mixed Platforms.Build.0 = Debug|Any CPU
		{EFE36109-BE2C-49CE-82DF-5649F61898C0}.Debug|x64.ActiveCfg = Debug|Any CPU
		{EFE36109-BE2C-49CE-82DF-5649F61898C0}.Debug|x64.Build.0 = Debug|Any CPU
		{EFE36109-BE2C-49CE-82DF-5649F61898C0}.Debug|x86.ActiveCfg = Debug|Any CPU
		{EFE36109-BE2C-49CE-82DF-5649F61898C0}.Debug|x86.Build.0 = Debug|Any CPU
		{EFE36109-BE2C-49CE-82DF-5649F61898C0}.Release|Any CPU.ActiveCfg = Release|Any CPU
		{EFE36109-BE2C-49CE-82DF-5649F61898C0}.Release|Any CPU.Build.0 = Release|Any CPU
		{EFE36109-BE2C-49CE-82DF-5649F61898C0}.Release|Mixed Platforms.ActiveCfg = Release|Any CPU
		{EFE36109-BE2C-49CE-82DF-5649F61898C0}.Release|Mixed Platforms.Build.0 = Release|Any CPU
		{EFE36109-BE2C-49CE-82DF-5649F61898C0}.Release|x64.ActiveCfg = Release|Any CPU
		{EFE36109-BE2C-49CE-82DF-5649F61898C0}.Release|x64.Build.0 = Release|Any CPU
		{EFE36109-BE2C-49CE-82DF-5649F61898C0}.Release|x86.ActiveCfg = Release|Any CPU
		{EFE36109-BE2C-49CE-82DF-5649F61898C0}.Release|x86.Build.0 = Release|Any CPU
		{EFE36109-BE2C-49CE-82DF-5649F61898C0}.SERVER|Any CPU.ActiveCfg = Release|Any CPU
		{EFE36109-BE2C-49CE-82DF-5649F61898C0}.SERVER|Any CPU.Build.0 = Release|Any CPU
		{EFE36109-BE2C-49CE-82DF-5649F61898C0}.SERVER|Mixed Platforms.ActiveCfg = Release|Any CPU
		{EFE36109-BE2C-49CE-82DF-5649F61898C0}.SERVER|Mixed Platforms.Build.0 = Release|Any CPU
		{EFE36109-BE2C-49CE-82DF-5649F61898C0}.SERVER|x64.ActiveCfg = Release|Any CPU
		{EFE36109-BE2C-49CE-82DF-5649F61898C0}.SERVER|x64.Build.0 = Release|Any CPU
		{EFE36109-BE2C-49CE-82DF-5649F61898C0}.SERVER|x86.ActiveCfg = Release|Any CPU
		{EFE36109-BE2C-49CE-82DF-5649F61898C0}.SERVER|x86.Build.0 = Release|Any CPU
		{122612CC-F070-472E-877C-4DC9D86275E5}.Debug|Any CPU.ActiveCfg = Debug|Any CPU
		{122612CC-F070-472E-877C-4DC9D86275E5}.Debug|Mixed Platforms.ActiveCfg = Debug|Any CPU
		{122612CC-F070-472E-877C-4DC9D86275E5}.Debug|Mixed Platforms.Build.0 = Debug|Any CPU
		{122612CC-F070-472E-877C-4DC9D86275E5}.Debug|x64.ActiveCfg = Debug|Any CPU
		{122612CC-F070-472E-877C-4DC9D86275E5}.Debug|x64.Build.0 = Debug|Any CPU
		{122612CC-F070-472E-877C-4DC9D86275E5}.Debug|x86.ActiveCfg = Debug|Any CPU
		{122612CC-F070-472E-877C-4DC9D86275E5}.Debug|x86.Build.0 = Debug|Any CPU
		{122612CC-F070-472E-877C-4DC9D86275E5}.Release|Any CPU.ActiveCfg = Release|Any CPU
		{122612CC-F070-472E-877C-4DC9D86275E5}.Release|Any CPU.Build.0 = Release|Any CPU
		{122612CC-F070-472E-877C-4DC9D86275E5}.Release|Mixed Platforms.ActiveCfg = Release|Any CPU
		{122612CC-F070-472E-877C-4DC9D86275E5}.Release|Mixed Platforms.Build.0 = Release|Any CPU
		{122612CC-F070-472E-877C-4DC9D86275E5}.Release|x64.ActiveCfg = Release|Any CPU
		{122612CC-F070-472E-877C-4DC9D86275E5}.Release|x64.Build.0 = Release|Any CPU
		{122612CC-F070-472E-877C-4DC9D86275E5}.Release|x86.ActiveCfg = Release|Any CPU
		{122612CC-F070-472E-877C-4DC9D86275E5}.Release|x86.Build.0 = Release|Any CPU
		{122612CC-F070-472E-877C-4DC9D86275E5}.SERVER|Any CPU.ActiveCfg = Release|Any CPU
		{122612CC-F070-472E-877C-4DC9D86275E5}.SERVER|Any CPU.Build.0 = Release|Any CPU
		{122612CC-F070-472E-877C-4DC9D86275E5}.SERVER|Mixed Platforms.ActiveCfg = Release|Any CPU
		{122612CC-F070-472E-877C-4DC9D86275E5}.SERVER|Mixed Platforms.Build.0 = Release|Any CPU
		{122612CC-F070-472E-877C-4DC9D86275E5}.SERVER|x64.ActiveCfg = Release|Any CPU
		{122612CC-F070-472E-877C-4DC9D86275E5}.SERVER|x64.Build.0 = Release|Any CPU
		{122612CC-F070-472E-877C-4DC9D86275E5}.SERVER|x86.ActiveCfg = Release|Any CPU
		{122612CC-F070-472E-877C-4DC9D86275E5}.SERVER|x86.Build.0 = Release|Any CPU
		{E1774431-C670-49CE-A879-63D3D1599F1A}.Debug|Any CPU.ActiveCfg = Debug|Any CPU
		{E1774431-C670-49CE-A879-63D3D1599F1A}.Debug|Mixed Platforms.ActiveCfg = Debug|Any CPU
		{E1774431-C670-49CE-A879-63D3D1599F1A}.Debug|Mixed Platforms.Build.0 = Debug|Any CPU
		{E1774431-C670-49CE-A879-63D3D1599F1A}.Debug|x64.ActiveCfg = Debug|Any CPU
		{E1774431-C670-49CE-A879-63D3D1599F1A}.Debug|x64.Build.0 = Debug|Any CPU
		{E1774431-C670-49CE-A879-63D3D1599F1A}.Debug|x86.ActiveCfg = Debug|Any CPU
		{E1774431-C670-49CE-A879-63D3D1599F1A}.Debug|x86.Build.0 = Debug|Any CPU
		{E1774431-C670-49CE-A879-63D3D1599F1A}.Release|Any CPU.ActiveCfg = Release|Any CPU
		{E1774431-C670-49CE-A879-63D3D1599F1A}.Release|Any CPU.Build.0 = Release|Any CPU
		{E1774431-C670-49CE-A879-63D3D1599F1A}.Release|Mixed Platforms.ActiveCfg = Release|Any CPU
		{E1774431-C670-49CE-A879-63D3D1599F1A}.Release|Mixed Platforms.Build.0 = Release|Any CPU
		{E1774431-C670-49CE-A879-63D3D1599F1A}.Release|x64.ActiveCfg = Release|Any CPU
		{E1774431-C670-49CE-A879-63D3D1599F1A}.Release|x64.Build.0 = Release|Any CPU
		{E1774431-C670-49CE-A879-63D3D1599F1A}.Release|x86.ActiveCfg = Release|Any CPU
		{E1774431-C670-49CE-A879-63D3D1599F1A}.Release|x86.Build.0 = Release|Any CPU
		{E1774431-C670-49CE-A879-63D3D1599F1A}.SERVER|Any CPU.ActiveCfg = Release|Any CPU
		{E1774431-C670-49CE-A879-63D3D1599F1A}.SERVER|Any CPU.Build.0 = Release|Any CPU
		{E1774431-C670-49CE-A879-63D3D1599F1A}.SERVER|Mixed Platforms.ActiveCfg = Release|Any CPU
		{E1774431-C670-49CE-A879-63D3D1599F1A}.SERVER|Mixed Platforms.Build.0 = Release|Any CPU
		{E1774431-C670-49CE-A879-63D3D1599F1A}.SERVER|x64.ActiveCfg = Release|Any CPU
		{E1774431-C670-49CE-A879-63D3D1599F1A}.SERVER|x64.Build.0 = Release|Any CPU
		{E1774431-C670-49CE-A879-63D3D1599F1A}.SERVER|x86.ActiveCfg = Release|Any CPU
		{E1774431-C670-49CE-A879-63D3D1599F1A}.SERVER|x86.Build.0 = Release|Any CPU
		{C2C71DAB-3A79-4C96-8F36-7DD4247C414A}.Debug|Any CPU.ActiveCfg = Debug|Any CPU
		{C2C71DAB-3A79-4C96-8F36-7DD4247C414A}.Debug|Mixed Platforms.ActiveCfg = Debug|Any CPU
		{C2C71DAB-3A79-4C96-8F36-7DD4247C414A}.Debug|Mixed Platforms.Build.0 = Debug|Any CPU
		{C2C71DAB-3A79-4C96-8F36-7DD4247C414A}.Debug|x64.ActiveCfg = Debug|Any CPU
		{C2C71DAB-3A79-4C96-8F36-7DD4247C414A}.Debug|x64.Build.0 = Debug|Any CPU
		{C2C71DAB-3A79-4C96-8F36-7DD4247C414A}.Debug|x86.ActiveCfg = Debug|Any CPU
		{C2C71DAB-3A79-4C96-8F36-7DD4247C414A}.Debug|x86.Build.0 = Debug|Any CPU
		{C2C71DAB-3A79-4C96-8F36-7DD4247C414A}.Release|Any CPU.ActiveCfg = Release|Any CPU
		{C2C71DAB-3A79-4C96-8F36-7DD4247C414A}.Release|Any CPU.Build.0 = Release|Any CPU
		{C2C71DAB-3A79-4C96-8F36-7DD4247C414A}.Release|Mixed Platforms.ActiveCfg = Release|Any CPU
		{C2C71DAB-3A79-4C96-8F36-7DD4247C414A}.Release|Mixed Platforms.Build.0 = Release|Any CPU
		{C2C71DAB-3A79-4C96-8F36-7DD4247C414A}.Release|x64.ActiveCfg = Release|Any CPU
		{C2C71DAB-3A79-4C96-8F36-7DD4247C414A}.Release|x64.Build.0 = Release|Any CPU
		{C2C71DAB-3A79-4C96-8F36-7DD4247C414A}.Release|x86.ActiveCfg = Release|Any CPU
		{C2C71DAB-3A79-4C96-8F36-7DD4247C414A}.Release|x86.Build.0 = Release|Any CPU
		{C2C71DAB-3A79-4C96-8F36-7DD4247C414A}.SERVER|Any CPU.ActiveCfg = Release|Any CPU
		{C2C71DAB-3A79-4C96-8F36-7DD4247C414A}.SERVER|Any CPU.Build.0 = Release|Any CPU
		{C2C71DAB-3A79-4C96-8F36-7DD4247C414A}.SERVER|Mixed Platforms.ActiveCfg = Release|Any CPU
		{C2C71DAB-3A79-4C96-8F36-7DD4247C414A}.SERVER|Mixed Platforms.Build.0 = Release|Any CPU
		{C2C71DAB-3A79-4C96-8F36-7DD4247C414A}.SERVER|x64.ActiveCfg = Release|Any CPU
		{C2C71DAB-3A79-4C96-8F36-7DD4247C414A}.SERVER|x64.Build.0 = Release|Any CPU
		{C2C71DAB-3A79-4C96-8F36-7DD4247C414A}.SERVER|x86.ActiveCfg = Release|Any CPU
		{C2C71DAB-3A79-4C96-8F36-7DD4247C414A}.SERVER|x86.Build.0 = Release|Any CPU
		{B407D46B-4515-48B0-AA2A-E362DA4345AC}.Debug|Any CPU.ActiveCfg = Debug|Any CPU
		{B407D46B-4515-48B0-AA2A-E362DA4345AC}.Debug|Mixed Platforms.ActiveCfg = Debug|Any CPU
		{B407D46B-4515-48B0-AA2A-E362DA4345AC}.Debug|Mixed Platforms.Build.0 = Debug|Any CPU
		{B407D46B-4515-48B0-AA2A-E362DA4345AC}.Debug|x64.ActiveCfg = Debug|Any CPU
		{B407D46B-4515-48B0-AA2A-E362DA4345AC}.Debug|x64.Build.0 = Debug|Any CPU
		{B407D46B-4515-48B0-AA2A-E362DA4345AC}.Debug|x86.ActiveCfg = Debug|Any CPU
		{B407D46B-4515-48B0-AA2A-E362DA4345AC}.Debug|x86.Build.0 = Debug|Any CPU
		{B407D46B-4515-48B0-AA2A-E362DA4345AC}.Release|Any CPU.ActiveCfg = Release|Any CPU
		{B407D46B-4515-48B0-AA2A-E362DA4345AC}.Release|Any CPU.Build.0 = Release|Any CPU
		{B407D46B-4515-48B0-AA2A-E362DA4345AC}.Release|Mixed Platforms.ActiveCfg = Release|Any CPU
		{B407D46B-4515-48B0-AA2A-E362DA4345AC}.Release|Mixed Platforms.Build.0 = Release|Any CPU
		{B407D46B-4515-48B0-AA2A-E362DA4345AC}.Release|x64.ActiveCfg = Release|Any CPU
		{B407D46B-4515-48B0-AA2A-E362DA4345AC}.Release|x64.Build.0 = Release|Any CPU
		{B407D46B-4515-48B0-AA2A-E362DA4345AC}.Release|x86.ActiveCfg = Release|Any CPU
		{B407D46B-4515-48B0-AA2A-E362DA4345AC}.Release|x86.Build.0 = Release|Any CPU
		{B407D46B-4515-48B0-AA2A-E362DA4345AC}.SERVER|Any CPU.ActiveCfg = Release|Any CPU
		{B407D46B-4515-48B0-AA2A-E362DA4345AC}.SERVER|Any CPU.Build.0 = Release|Any CPU
		{B407D46B-4515-48B0-AA2A-E362DA4345AC}.SERVER|Mixed Platforms.ActiveCfg = Release|Any CPU
		{B407D46B-4515-48B0-AA2A-E362DA4345AC}.SERVER|Mixed Platforms.Build.0 = Release|Any CPU
		{B407D46B-4515-48B0-AA2A-E362DA4345AC}.SERVER|x64.ActiveCfg = Release|Any CPU
		{B407D46B-4515-48B0-AA2A-E362DA4345AC}.SERVER|x64.Build.0 = Release|Any CPU
		{B407D46B-4515-48B0-AA2A-E362DA4345AC}.SERVER|x86.ActiveCfg = Release|Any CPU
		{B407D46B-4515-48B0-AA2A-E362DA4345AC}.SERVER|x86.Build.0 = Release|Any CPU
		{F92E896D-3E0E-41B3-90AE-FEDAD994AD1D}.Debug|Any CPU.ActiveCfg = Debug|Any CPU
		{F92E896D-3E0E-41B3-90AE-FEDAD994AD1D}.Debug|Mixed Platforms.ActiveCfg = Debug|Any CPU
		{F92E896D-3E0E-41B3-90AE-FEDAD994AD1D}.Debug|Mixed Platforms.Build.0 = Debug|Any CPU
		{F92E896D-3E0E-41B3-90AE-FEDAD994AD1D}.Debug|x64.ActiveCfg = Debug|Any CPU
		{F92E896D-3E0E-41B3-90AE-FEDAD994AD1D}.Debug|x64.Build.0 = Debug|Any CPU
		{F92E896D-3E0E-41B3-90AE-FEDAD994AD1D}.Debug|x86.ActiveCfg = Debug|Any CPU
		{F92E896D-3E0E-41B3-90AE-FEDAD994AD1D}.Debug|x86.Build.0 = Debug|Any CPU
		{F92E896D-3E0E-41B3-90AE-FEDAD994AD1D}.Release|Any CPU.ActiveCfg = Release|Any CPU
		{F92E896D-3E0E-41B3-90AE-FEDAD994AD1D}.Release|Any CPU.Build.0 = Release|Any CPU
		{F92E896D-3E0E-41B3-90AE-FEDAD994AD1D}.Release|Mixed Platforms.ActiveCfg = Release|Any CPU
		{F92E896D-3E0E-41B3-90AE-FEDAD994AD1D}.Release|Mixed Platforms.Build.0 = Release|Any CPU
		{F92E896D-3E0E-41B3-90AE-FEDAD994AD1D}.Release|x64.ActiveCfg = Release|Any CPU
		{F92E896D-3E0E-41B3-90AE-FEDAD994AD1D}.Release|x64.Build.0 = Release|Any CPU
		{F92E896D-3E0E-41B3-90AE-FEDAD994AD1D}.Release|x86.ActiveCfg = Release|Any CPU
		{F92E896D-3E0E-41B3-90AE-FEDAD994AD1D}.Release|x86.Build.0 = Release|Any CPU
		{F92E896D-3E0E-41B3-90AE-FEDAD994AD1D}.SERVER|Any CPU.ActiveCfg = Release|Any CPU
		{F92E896D-3E0E-41B3-90AE-FEDAD994AD1D}.SERVER|Any CPU.Build.0 = Release|Any CPU
		{F92E896D-3E0E-41B3-90AE-FEDAD994AD1D}.SERVER|Mixed Platforms.ActiveCfg = Release|Any CPU
		{F92E896D-3E0E-41B3-90AE-FEDAD994AD1D}.SERVER|Mixed Platforms.Build.0 = Release|Any CPU
		{F92E896D-3E0E-41B3-90AE-FEDAD994AD1D}.SERVER|x64.ActiveCfg = Release|Any CPU
		{F92E896D-3E0E-41B3-90AE-FEDAD994AD1D}.SERVER|x64.Build.0 = Release|Any CPU
		{F92E896D-3E0E-41B3-90AE-FEDAD994AD1D}.SERVER|x86.ActiveCfg = Release|Any CPU
		{F92E896D-3E0E-41B3-90AE-FEDAD994AD1D}.SERVER|x86.Build.0 = Release|Any CPU
		{3D23E88E-DD21-4137-A47D-12ED38686CE3}.Debug|Any CPU.ActiveCfg = Debug|Any CPU
		{3D23E88E-DD21-4137-A47D-12ED38686CE3}.Debug|Mixed Platforms.ActiveCfg = Debug|Any CPU
		{3D23E88E-DD21-4137-A47D-12ED38686CE3}.Debug|Mixed Platforms.Build.0 = Debug|Any CPU
		{3D23E88E-DD21-4137-A47D-12ED38686CE3}.Debug|x64.ActiveCfg = Debug|Any CPU
		{3D23E88E-DD21-4137-A47D-12ED38686CE3}.Debug|x64.Build.0 = Debug|Any CPU
		{3D23E88E-DD21-4137-A47D-12ED38686CE3}.Debug|x86.ActiveCfg = Debug|Any CPU
		{3D23E88E-DD21-4137-A47D-12ED38686CE3}.Debug|x86.Build.0 = Debug|Any CPU
		{3D23E88E-DD21-4137-A47D-12ED38686CE3}.Release|Any CPU.ActiveCfg = Release|Any CPU
		{3D23E88E-DD21-4137-A47D-12ED38686CE3}.Release|Any CPU.Build.0 = Release|Any CPU
		{3D23E88E-DD21-4137-A47D-12ED38686CE3}.Release|Mixed Platforms.ActiveCfg = Release|Any CPU
		{3D23E88E-DD21-4137-A47D-12ED38686CE3}.Release|Mixed Platforms.Build.0 = Release|Any CPU
		{3D23E88E-DD21-4137-A47D-12ED38686CE3}.Release|x64.ActiveCfg = Release|Any CPU
		{3D23E88E-DD21-4137-A47D-12ED38686CE3}.Release|x64.Build.0 = Release|Any CPU
		{3D23E88E-DD21-4137-A47D-12ED38686CE3}.Release|x86.ActiveCfg = Release|Any CPU
		{3D23E88E-DD21-4137-A47D-12ED38686CE3}.Release|x86.Build.0 = Release|Any CPU
		{3D23E88E-DD21-4137-A47D-12ED38686CE3}.SERVER|Any CPU.ActiveCfg = Release|Any CPU
		{3D23E88E-DD21-4137-A47D-12ED38686CE3}.SERVER|Any CPU.Build.0 = Release|Any CPU
		{3D23E88E-DD21-4137-A47D-12ED38686CE3}.SERVER|Mixed Platforms.ActiveCfg = Release|Any CPU
		{3D23E88E-DD21-4137-A47D-12ED38686CE3}.SERVER|Mixed Platforms.Build.0 = Release|Any CPU
		{3D23E88E-DD21-4137-A47D-12ED38686CE3}.SERVER|x64.ActiveCfg = Release|Any CPU
		{3D23E88E-DD21-4137-A47D-12ED38686CE3}.SERVER|x64.Build.0 = Release|Any CPU
		{3D23E88E-DD21-4137-A47D-12ED38686CE3}.SERVER|x86.ActiveCfg = Release|Any CPU
		{3D23E88E-DD21-4137-A47D-12ED38686CE3}.SERVER|x86.Build.0 = Release|Any CPU
		{0C454C2B-4134-4C31-A0C5-FB29F47A0403}.Debug|Any CPU.ActiveCfg = Debug|Any CPU
		{0C454C2B-4134-4C31-A0C5-FB29F47A0403}.Debug|Mixed Platforms.ActiveCfg = Debug|Any CPU
		{0C454C2B-4134-4C31-A0C5-FB29F47A0403}.Debug|Mixed Platforms.Build.0 = Debug|Any CPU
		{0C454C2B-4134-4C31-A0C5-FB29F47A0403}.Debug|x64.ActiveCfg = Debug|Any CPU
		{0C454C2B-4134-4C31-A0C5-FB29F47A0403}.Debug|x64.Build.0 = Debug|Any CPU
		{0C454C2B-4134-4C31-A0C5-FB29F47A0403}.Debug|x86.ActiveCfg = Debug|Any CPU
		{0C454C2B-4134-4C31-A0C5-FB29F47A0403}.Debug|x86.Build.0 = Debug|Any CPU
		{0C454C2B-4134-4C31-A0C5-FB29F47A0403}.Release|Any CPU.ActiveCfg = Release|Any CPU
		{0C454C2B-4134-4C31-A0C5-FB29F47A0403}.Release|Any CPU.Build.0 = Release|Any CPU
		{0C454C2B-4134-4C31-A0C5-FB29F47A0403}.Release|Mixed Platforms.ActiveCfg = Release|Any CPU
		{0C454C2B-4134-4C31-A0C5-FB29F47A0403}.Release|Mixed Platforms.Build.0 = Release|Any CPU
		{0C454C2B-4134-4C31-A0C5-FB29F47A0403}.Release|x64.ActiveCfg = Release|Any CPU
		{0C454C2B-4134-4C31-A0C5-FB29F47A0403}.Release|x64.Build.0 = Release|Any CPU
		{0C454C2B-4134-4C31-A0C5-FB29F47A0403}.Release|x86.ActiveCfg = Release|Any CPU
		{0C454C2B-4134-4C31-A0C5-FB29F47A0403}.Release|x86.Build.0 = Release|Any CPU
		{0C454C2B-4134-4C31-A0C5-FB29F47A0403}.SERVER|Any CPU.ActiveCfg = Release|Any CPU
		{0C454C2B-4134-4C31-A0C5-FB29F47A0403}.SERVER|Any CPU.Build.0 = Release|Any CPU
		{0C454C2B-4134-4C31-A0C5-FB29F47A0403}.SERVER|Mixed Platforms.ActiveCfg = Release|Any CPU
		{0C454C2B-4134-4C31-A0C5-FB29F47A0403}.SERVER|Mixed Platforms.Build.0 = Release|Any CPU
		{0C454C2B-4134-4C31-A0C5-FB29F47A0403}.SERVER|x64.ActiveCfg = Release|Any CPU
		{0C454C2B-4134-4C31-A0C5-FB29F47A0403}.SERVER|x64.Build.0 = Release|Any CPU
		{0C454C2B-4134-4C31-A0C5-FB29F47A0403}.SERVER|x86.ActiveCfg = Release|Any CPU
		{0C454C2B-4134-4C31-A0C5-FB29F47A0403}.SERVER|x86.Build.0 = Release|Any CPU
		{64185463-807A-44A0-8970-008F7A33C2C7}.Debug|Any CPU.ActiveCfg = Debug|Any CPU
		{64185463-807A-44A0-8970-008F7A33C2C7}.Debug|Mixed Platforms.ActiveCfg = Debug|Any CPU
		{64185463-807A-44A0-8970-008F7A33C2C7}.Debug|Mixed Platforms.Build.0 = Debug|Any CPU
		{64185463-807A-44A0-8970-008F7A33C2C7}.Debug|x64.ActiveCfg = Debug|Any CPU
		{64185463-807A-44A0-8970-008F7A33C2C7}.Debug|x64.Build.0 = Debug|Any CPU
		{64185463-807A-44A0-8970-008F7A33C2C7}.Debug|x86.ActiveCfg = Debug|Any CPU
		{64185463-807A-44A0-8970-008F7A33C2C7}.Debug|x86.Build.0 = Debug|Any CPU
		{64185463-807A-44A0-8970-008F7A33C2C7}.Release|Any CPU.ActiveCfg = Release|Any CPU
		{64185463-807A-44A0-8970-008F7A33C2C7}.Release|Any CPU.Build.0 = Release|Any CPU
		{64185463-807A-44A0-8970-008F7A33C2C7}.Release|Mixed Platforms.ActiveCfg = Release|Any CPU
		{64185463-807A-44A0-8970-008F7A33C2C7}.Release|Mixed Platforms.Build.0 = Release|Any CPU
		{64185463-807A-44A0-8970-008F7A33C2C7}.Release|x64.ActiveCfg = Release|Any CPU
		{64185463-807A-44A0-8970-008F7A33C2C7}.Release|x64.Build.0 = Release|Any CPU
		{64185463-807A-44A0-8970-008F7A33C2C7}.Release|x86.ActiveCfg = Release|Any CPU
		{64185463-807A-44A0-8970-008F7A33C2C7}.Release|x86.Build.0 = Release|Any CPU
		{64185463-807A-44A0-8970-008F7A33C2C7}.SERVER|Any CPU.ActiveCfg = Release|Any CPU
		{64185463-807A-44A0-8970-008F7A33C2C7}.SERVER|Any CPU.Build.0 = Release|Any CPU
		{64185463-807A-44A0-8970-008F7A33C2C7}.SERVER|Mixed Platforms.ActiveCfg = Release|Any CPU
		{64185463-807A-44A0-8970-008F7A33C2C7}.SERVER|Mixed Platforms.Build.0 = Release|Any CPU
		{64185463-807A-44A0-8970-008F7A33C2C7}.SERVER|x64.ActiveCfg = Release|Any CPU
		{64185463-807A-44A0-8970-008F7A33C2C7}.SERVER|x64.Build.0 = Release|Any CPU
		{64185463-807A-44A0-8970-008F7A33C2C7}.SERVER|x86.ActiveCfg = Release|Any CPU
		{64185463-807A-44A0-8970-008F7A33C2C7}.SERVER|x86.Build.0 = Release|Any CPU
		{7EC5B4DA-8C39-4CA0-8F63-431E95753D4F}.Debug|Any CPU.ActiveCfg = Debug|Any CPU
		{7EC5B4DA-8C39-4CA0-8F63-431E95753D4F}.Debug|Mixed Platforms.ActiveCfg = Debug|Any CPU
		{7EC5B4DA-8C39-4CA0-8F63-431E95753D4F}.Debug|Mixed Platforms.Build.0 = Debug|Any CPU
		{7EC5B4DA-8C39-4CA0-8F63-431E95753D4F}.Debug|x64.ActiveCfg = Debug|Any CPU
		{7EC5B4DA-8C39-4CA0-8F63-431E95753D4F}.Debug|x64.Build.0 = Debug|Any CPU
		{7EC5B4DA-8C39-4CA0-8F63-431E95753D4F}.Debug|x86.ActiveCfg = Debug|Any CPU
		{7EC5B4DA-8C39-4CA0-8F63-431E95753D4F}.Debug|x86.Build.0 = Debug|Any CPU
		{7EC5B4DA-8C39-4CA0-8F63-431E95753D4F}.Release|Any CPU.ActiveCfg = Release|Any CPU
		{7EC5B4DA-8C39-4CA0-8F63-431E95753D4F}.Release|Any CPU.Build.0 = Release|Any CPU
		{7EC5B4DA-8C39-4CA0-8F63-431E95753D4F}.Release|Mixed Platforms.ActiveCfg = Release|Any CPU
		{7EC5B4DA-8C39-4CA0-8F63-431E95753D4F}.Release|Mixed Platforms.Build.0 = Release|Any CPU
		{7EC5B4DA-8C39-4CA0-8F63-431E95753D4F}.Release|x64.ActiveCfg = Release|Any CPU
		{7EC5B4DA-8C39-4CA0-8F63-431E95753D4F}.Release|x64.Build.0 = Release|Any CPU
		{7EC5B4DA-8C39-4CA0-8F63-431E95753D4F}.Release|x86.ActiveCfg = Release|Any CPU
		{7EC5B4DA-8C39-4CA0-8F63-431E95753D4F}.Release|x86.Build.0 = Release|Any CPU
		{7EC5B4DA-8C39-4CA0-8F63-431E95753D4F}.SERVER|Any CPU.ActiveCfg = Debug|Any CPU
		{7EC5B4DA-8C39-4CA0-8F63-431E95753D4F}.SERVER|Any CPU.Build.0 = Debug|Any CPU
		{7EC5B4DA-8C39-4CA0-8F63-431E95753D4F}.SERVER|Mixed Platforms.ActiveCfg = Debug|Any CPU
		{7EC5B4DA-8C39-4CA0-8F63-431E95753D4F}.SERVER|Mixed Platforms.Build.0 = Debug|Any CPU
		{7EC5B4DA-8C39-4CA0-8F63-431E95753D4F}.SERVER|x64.ActiveCfg = Debug|Any CPU
		{7EC5B4DA-8C39-4CA0-8F63-431E95753D4F}.SERVER|x64.Build.0 = Debug|Any CPU
		{7EC5B4DA-8C39-4CA0-8F63-431E95753D4F}.SERVER|x86.ActiveCfg = Debug|Any CPU
		{7EC5B4DA-8C39-4CA0-8F63-431E95753D4F}.SERVER|x86.Build.0 = Debug|Any CPU
		{583B2E53-7117-4BA3-8B11-4E568AE7157C}.Debug|Any CPU.ActiveCfg = Debug|Any CPU
		{583B2E53-7117-4BA3-8B11-4E568AE7157C}.Debug|Any CPU.Build.0 = Debug|Any CPU
		{583B2E53-7117-4BA3-8B11-4E568AE7157C}.Debug|Mixed Platforms.ActiveCfg = Debug|Any CPU
		{583B2E53-7117-4BA3-8B11-4E568AE7157C}.Debug|Mixed Platforms.Build.0 = Debug|Any CPU
		{583B2E53-7117-4BA3-8B11-4E568AE7157C}.Debug|x64.ActiveCfg = Debug|Any CPU
		{583B2E53-7117-4BA3-8B11-4E568AE7157C}.Debug|x64.Build.0 = Debug|Any CPU
		{583B2E53-7117-4BA3-8B11-4E568AE7157C}.Debug|x86.ActiveCfg = Debug|Any CPU
		{583B2E53-7117-4BA3-8B11-4E568AE7157C}.Debug|x86.Build.0 = Debug|Any CPU
		{583B2E53-7117-4BA3-8B11-4E568AE7157C}.Release|Any CPU.ActiveCfg = Release|Any CPU
		{583B2E53-7117-4BA3-8B11-4E568AE7157C}.Release|Any CPU.Build.0 = Release|Any CPU
		{583B2E53-7117-4BA3-8B11-4E568AE7157C}.Release|Mixed Platforms.ActiveCfg = Release|Any CPU
		{583B2E53-7117-4BA3-8B11-4E568AE7157C}.Release|Mixed Platforms.Build.0 = Release|Any CPU
		{583B2E53-7117-4BA3-8B11-4E568AE7157C}.Release|x64.ActiveCfg = Release|Any CPU
		{583B2E53-7117-4BA3-8B11-4E568AE7157C}.Release|x64.Build.0 = Release|Any CPU
		{583B2E53-7117-4BA3-8B11-4E568AE7157C}.Release|x86.ActiveCfg = Release|Any CPU
		{583B2E53-7117-4BA3-8B11-4E568AE7157C}.Release|x86.Build.0 = Release|Any CPU
		{583B2E53-7117-4BA3-8B11-4E568AE7157C}.SERVER|Any CPU.ActiveCfg = Debug|Any CPU
		{583B2E53-7117-4BA3-8B11-4E568AE7157C}.SERVER|Any CPU.Build.0 = Debug|Any CPU
		{583B2E53-7117-4BA3-8B11-4E568AE7157C}.SERVER|Mixed Platforms.ActiveCfg = Debug|Any CPU
		{583B2E53-7117-4BA3-8B11-4E568AE7157C}.SERVER|Mixed Platforms.Build.0 = Debug|Any CPU
		{583B2E53-7117-4BA3-8B11-4E568AE7157C}.SERVER|x64.ActiveCfg = Debug|Any CPU
		{583B2E53-7117-4BA3-8B11-4E568AE7157C}.SERVER|x64.Build.0 = Debug|Any CPU
		{583B2E53-7117-4BA3-8B11-4E568AE7157C}.SERVER|x86.ActiveCfg = Debug|Any CPU
		{583B2E53-7117-4BA3-8B11-4E568AE7157C}.SERVER|x86.Build.0 = Debug|Any CPU
		{0ACD233F-DC92-4456-818C-F6841ADDD9CB}.Debug|Any CPU.ActiveCfg = Debug|Any CPU
		{0ACD233F-DC92-4456-818C-F6841ADDD9CB}.Debug|Mixed Platforms.ActiveCfg = Debug|Any CPU
		{0ACD233F-DC92-4456-818C-F6841ADDD9CB}.Debug|Mixed Platforms.Build.0 = Debug|Any CPU
		{0ACD233F-DC92-4456-818C-F6841ADDD9CB}.Debug|x64.ActiveCfg = Debug|Any CPU
		{0ACD233F-DC92-4456-818C-F6841ADDD9CB}.Debug|x64.Build.0 = Debug|Any CPU
		{0ACD233F-DC92-4456-818C-F6841ADDD9CB}.Debug|x86.ActiveCfg = Debug|Any CPU
		{0ACD233F-DC92-4456-818C-F6841ADDD9CB}.Debug|x86.Build.0 = Debug|Any CPU
		{0ACD233F-DC92-4456-818C-F6841ADDD9CB}.Release|Any CPU.ActiveCfg = Release|Any CPU
		{0ACD233F-DC92-4456-818C-F6841ADDD9CB}.Release|Any CPU.Build.0 = Release|Any CPU
		{0ACD233F-DC92-4456-818C-F6841ADDD9CB}.Release|Mixed Platforms.ActiveCfg = Release|Any CPU
		{0ACD233F-DC92-4456-818C-F6841ADDD9CB}.Release|Mixed Platforms.Build.0 = Release|Any CPU
		{0ACD233F-DC92-4456-818C-F6841ADDD9CB}.Release|x64.ActiveCfg = Release|Any CPU
		{0ACD233F-DC92-4456-818C-F6841ADDD9CB}.Release|x64.Build.0 = Release|Any CPU
		{0ACD233F-DC92-4456-818C-F6841ADDD9CB}.Release|x86.ActiveCfg = Release|Any CPU
		{0ACD233F-DC92-4456-818C-F6841ADDD9CB}.Release|x86.Build.0 = Release|Any CPU
		{0ACD233F-DC92-4456-818C-F6841ADDD9CB}.SERVER|Any CPU.ActiveCfg = Debug|Any CPU
		{0ACD233F-DC92-4456-818C-F6841ADDD9CB}.SERVER|Any CPU.Build.0 = Debug|Any CPU
		{0ACD233F-DC92-4456-818C-F6841ADDD9CB}.SERVER|Mixed Platforms.ActiveCfg = Debug|Any CPU
		{0ACD233F-DC92-4456-818C-F6841ADDD9CB}.SERVER|Mixed Platforms.Build.0 = Debug|Any CPU
		{0ACD233F-DC92-4456-818C-F6841ADDD9CB}.SERVER|x64.ActiveCfg = Debug|Any CPU
		{0ACD233F-DC92-4456-818C-F6841ADDD9CB}.SERVER|x64.Build.0 = Debug|Any CPU
		{0ACD233F-DC92-4456-818C-F6841ADDD9CB}.SERVER|x86.ActiveCfg = Debug|Any CPU
		{0ACD233F-DC92-4456-818C-F6841ADDD9CB}.SERVER|x86.Build.0 = Debug|Any CPU
		{AF956FC7-DAE6-4BD5-89D7-869619A93262}.Debug|Any CPU.ActiveCfg = Debug|Any CPU
		{AF956FC7-DAE6-4BD5-89D7-869619A93262}.Debug|Mixed Platforms.ActiveCfg = Debug|Any CPU
		{AF956FC7-DAE6-4BD5-89D7-869619A93262}.Debug|Mixed Platforms.Build.0 = Debug|Any CPU
		{AF956FC7-DAE6-4BD5-89D7-869619A93262}.Debug|x64.ActiveCfg = Debug|Any CPU
		{AF956FC7-DAE6-4BD5-89D7-869619A93262}.Debug|x64.Build.0 = Debug|Any CPU
		{AF956FC7-DAE6-4BD5-89D7-869619A93262}.Debug|x86.ActiveCfg = Debug|Any CPU
		{AF956FC7-DAE6-4BD5-89D7-869619A93262}.Debug|x86.Build.0 = Debug|Any CPU
		{AF956FC7-DAE6-4BD5-89D7-869619A93262}.Release|Any CPU.ActiveCfg = Release|Any CPU
		{AF956FC7-DAE6-4BD5-89D7-869619A93262}.Release|Any CPU.Build.0 = Release|Any CPU
		{AF956FC7-DAE6-4BD5-89D7-869619A93262}.Release|Mixed Platforms.ActiveCfg = Release|Any CPU
		{AF956FC7-DAE6-4BD5-89D7-869619A93262}.Release|Mixed Platforms.Build.0 = Release|Any CPU
		{AF956FC7-DAE6-4BD5-89D7-869619A93262}.Release|x64.ActiveCfg = Release|Any CPU
		{AF956FC7-DAE6-4BD5-89D7-869619A93262}.Release|x64.Build.0 = Release|Any CPU
		{AF956FC7-DAE6-4BD5-89D7-869619A93262}.Release|x86.ActiveCfg = Release|Any CPU
		{AF956FC7-DAE6-4BD5-89D7-869619A93262}.Release|x86.Build.0 = Release|Any CPU
		{AF956FC7-DAE6-4BD5-89D7-869619A93262}.SERVER|Any CPU.ActiveCfg = Debug|Any CPU
		{AF956FC7-DAE6-4BD5-89D7-869619A93262}.SERVER|Any CPU.Build.0 = Debug|Any CPU
		{AF956FC7-DAE6-4BD5-89D7-869619A93262}.SERVER|Mixed Platforms.ActiveCfg = Debug|Any CPU
		{AF956FC7-DAE6-4BD5-89D7-869619A93262}.SERVER|Mixed Platforms.Build.0 = Debug|Any CPU
		{AF956FC7-DAE6-4BD5-89D7-869619A93262}.SERVER|x64.ActiveCfg = Debug|Any CPU
		{AF956FC7-DAE6-4BD5-89D7-869619A93262}.SERVER|x64.Build.0 = Debug|Any CPU
		{AF956FC7-DAE6-4BD5-89D7-869619A93262}.SERVER|x86.ActiveCfg = Debug|Any CPU
		{AF956FC7-DAE6-4BD5-89D7-869619A93262}.SERVER|x86.Build.0 = Debug|Any CPU
		{53325F7D-91FF-4C79-A0C8-91ED3AE7DC90}.Debug|Any CPU.ActiveCfg = Debug|Any CPU
		{53325F7D-91FF-4C79-A0C8-91ED3AE7DC90}.Debug|Mixed Platforms.ActiveCfg = Debug|Any CPU
		{53325F7D-91FF-4C79-A0C8-91ED3AE7DC90}.Debug|Mixed Platforms.Build.0 = Debug|Any CPU
		{53325F7D-91FF-4C79-A0C8-91ED3AE7DC90}.Debug|x64.ActiveCfg = Debug|Any CPU
		{53325F7D-91FF-4C79-A0C8-91ED3AE7DC90}.Debug|x64.Build.0 = Debug|Any CPU
		{53325F7D-91FF-4C79-A0C8-91ED3AE7DC90}.Debug|x86.ActiveCfg = Debug|Any CPU
		{53325F7D-91FF-4C79-A0C8-91ED3AE7DC90}.Debug|x86.Build.0 = Debug|Any CPU
		{53325F7D-91FF-4C79-A0C8-91ED3AE7DC90}.Release|Any CPU.ActiveCfg = Release|Any CPU
		{53325F7D-91FF-4C79-A0C8-91ED3AE7DC90}.Release|Any CPU.Build.0 = Release|Any CPU
		{53325F7D-91FF-4C79-A0C8-91ED3AE7DC90}.Release|Mixed Platforms.ActiveCfg = Release|Any CPU
		{53325F7D-91FF-4C79-A0C8-91ED3AE7DC90}.Release|Mixed Platforms.Build.0 = Release|Any CPU
		{53325F7D-91FF-4C79-A0C8-91ED3AE7DC90}.Release|x64.ActiveCfg = Release|Any CPU
		{53325F7D-91FF-4C79-A0C8-91ED3AE7DC90}.Release|x64.Build.0 = Release|Any CPU
		{53325F7D-91FF-4C79-A0C8-91ED3AE7DC90}.Release|x86.ActiveCfg = Release|Any CPU
		{53325F7D-91FF-4C79-A0C8-91ED3AE7DC90}.Release|x86.Build.0 = Release|Any CPU
		{53325F7D-91FF-4C79-A0C8-91ED3AE7DC90}.SERVER|Any CPU.ActiveCfg = Debug|Any CPU
		{53325F7D-91FF-4C79-A0C8-91ED3AE7DC90}.SERVER|Any CPU.Build.0 = Debug|Any CPU
		{53325F7D-91FF-4C79-A0C8-91ED3AE7DC90}.SERVER|Mixed Platforms.ActiveCfg = Debug|Any CPU
		{53325F7D-91FF-4C79-A0C8-91ED3AE7DC90}.SERVER|Mixed Platforms.Build.0 = Debug|Any CPU
		{53325F7D-91FF-4C79-A0C8-91ED3AE7DC90}.SERVER|x64.ActiveCfg = Debug|Any CPU
		{53325F7D-91FF-4C79-A0C8-91ED3AE7DC90}.SERVER|x64.Build.0 = Debug|Any CPU
		{53325F7D-91FF-4C79-A0C8-91ED3AE7DC90}.SERVER|x86.ActiveCfg = Debug|Any CPU
		{53325F7D-91FF-4C79-A0C8-91ED3AE7DC90}.SERVER|x86.Build.0 = Debug|Any CPU
		{DE31AB43-858A-46C9-8587-D313C2D78FE1}.Debug|Any CPU.ActiveCfg = Debug|Any CPU
		{DE31AB43-858A-46C9-8587-D313C2D78FE1}.Debug|Any CPU.Build.0 = Debug|Any CPU
		{DE31AB43-858A-46C9-8587-D313C2D78FE1}.Debug|Mixed Platforms.ActiveCfg = Debug|Any CPU
		{DE31AB43-858A-46C9-8587-D313C2D78FE1}.Debug|Mixed Platforms.Build.0 = Debug|Any CPU
		{DE31AB43-858A-46C9-8587-D313C2D78FE1}.Debug|x64.ActiveCfg = Debug|Any CPU
		{DE31AB43-858A-46C9-8587-D313C2D78FE1}.Debug|x64.Build.0 = Debug|Any CPU
		{DE31AB43-858A-46C9-8587-D313C2D78FE1}.Debug|x86.ActiveCfg = Debug|Any CPU
		{DE31AB43-858A-46C9-8587-D313C2D78FE1}.Debug|x86.Build.0 = Debug|Any CPU
		{DE31AB43-858A-46C9-8587-D313C2D78FE1}.Release|Any CPU.ActiveCfg = Release|Any CPU
		{DE31AB43-858A-46C9-8587-D313C2D78FE1}.Release|Any CPU.Build.0 = Release|Any CPU
		{DE31AB43-858A-46C9-8587-D313C2D78FE1}.Release|Mixed Platforms.ActiveCfg = Release|Any CPU
		{DE31AB43-858A-46C9-8587-D313C2D78FE1}.Release|Mixed Platforms.Build.0 = Release|Any CPU
		{DE31AB43-858A-46C9-8587-D313C2D78FE1}.Release|x64.ActiveCfg = Release|Any CPU
		{DE31AB43-858A-46C9-8587-D313C2D78FE1}.Release|x64.Build.0 = Release|Any CPU
		{DE31AB43-858A-46C9-8587-D313C2D78FE1}.Release|x86.ActiveCfg = Release|Any CPU
		{DE31AB43-858A-46C9-8587-D313C2D78FE1}.Release|x86.Build.0 = Release|Any CPU
		{DE31AB43-858A-46C9-8587-D313C2D78FE1}.SERVER|Any CPU.ActiveCfg = Debug|Any CPU
		{DE31AB43-858A-46C9-8587-D313C2D78FE1}.SERVER|Any CPU.Build.0 = Debug|Any CPU
		{DE31AB43-858A-46C9-8587-D313C2D78FE1}.SERVER|Mixed Platforms.ActiveCfg = Debug|Any CPU
		{DE31AB43-858A-46C9-8587-D313C2D78FE1}.SERVER|Mixed Platforms.Build.0 = Debug|Any CPU
		{DE31AB43-858A-46C9-8587-D313C2D78FE1}.SERVER|x64.ActiveCfg = Debug|Any CPU
		{DE31AB43-858A-46C9-8587-D313C2D78FE1}.SERVER|x64.Build.0 = Debug|Any CPU
		{DE31AB43-858A-46C9-8587-D313C2D78FE1}.SERVER|x86.ActiveCfg = Debug|Any CPU
		{DE31AB43-858A-46C9-8587-D313C2D78FE1}.SERVER|x86.Build.0 = Debug|Any CPU
		{72F33FD9-02A5-4372-A617-2E882E88A976}.Debug|Any CPU.ActiveCfg = Debug|Any CPU
		{72F33FD9-02A5-4372-A617-2E882E88A976}.Debug|Any CPU.Build.0 = Debug|Any CPU
		{72F33FD9-02A5-4372-A617-2E882E88A976}.Debug|Mixed Platforms.ActiveCfg = Debug|Any CPU
		{72F33FD9-02A5-4372-A617-2E882E88A976}.Debug|Mixed Platforms.Build.0 = Debug|Any CPU
		{72F33FD9-02A5-4372-A617-2E882E88A976}.Debug|x64.ActiveCfg = Debug|Any CPU
		{72F33FD9-02A5-4372-A617-2E882E88A976}.Debug|x64.Build.0 = Debug|Any CPU
		{72F33FD9-02A5-4372-A617-2E882E88A976}.Debug|x86.ActiveCfg = Debug|Any CPU
		{72F33FD9-02A5-4372-A617-2E882E88A976}.Debug|x86.Build.0 = Debug|Any CPU
		{72F33FD9-02A5-4372-A617-2E882E88A976}.Release|Any CPU.ActiveCfg = Release|Any CPU
		{72F33FD9-02A5-4372-A617-2E882E88A976}.Release|Any CPU.Build.0 = Release|Any CPU
		{72F33FD9-02A5-4372-A617-2E882E88A976}.Release|Mixed Platforms.ActiveCfg = Release|Any CPU
		{72F33FD9-02A5-4372-A617-2E882E88A976}.Release|Mixed Platforms.Build.0 = Release|Any CPU
		{72F33FD9-02A5-4372-A617-2E882E88A976}.Release|x64.ActiveCfg = Release|Any CPU
		{72F33FD9-02A5-4372-A617-2E882E88A976}.Release|x64.Build.0 = Release|Any CPU
		{72F33FD9-02A5-4372-A617-2E882E88A976}.Release|x86.ActiveCfg = Release|Any CPU
		{72F33FD9-02A5-4372-A617-2E882E88A976}.Release|x86.Build.0 = Release|Any CPU
		{72F33FD9-02A5-4372-A617-2E882E88A976}.SERVER|Any CPU.ActiveCfg = Debug|Any CPU
		{72F33FD9-02A5-4372-A617-2E882E88A976}.SERVER|Any CPU.Build.0 = Debug|Any CPU
		{72F33FD9-02A5-4372-A617-2E882E88A976}.SERVER|Mixed Platforms.ActiveCfg = Debug|Any CPU
		{72F33FD9-02A5-4372-A617-2E882E88A976}.SERVER|Mixed Platforms.Build.0 = Debug|Any CPU
		{72F33FD9-02A5-4372-A617-2E882E88A976}.SERVER|x64.ActiveCfg = Debug|Any CPU
		{72F33FD9-02A5-4372-A617-2E882E88A976}.SERVER|x64.Build.0 = Debug|Any CPU
		{72F33FD9-02A5-4372-A617-2E882E88A976}.SERVER|x86.ActiveCfg = Debug|Any CPU
		{72F33FD9-02A5-4372-A617-2E882E88A976}.SERVER|x86.Build.0 = Debug|Any CPU
	EndGlobalSection
	GlobalSection(SolutionProperties) = preSolution
		HideSolutionNode = FALSE
	EndGlobalSection
	GlobalSection(ExtensibilityGlobals) = postSolution
		SolutionGuid = {9338ED8E-C05C-4E61-B127-090642C86E57}
	EndGlobalSection
	GlobalSection(TestCaseManagementSettings) = postSolution
		CategoryFile = work4.vsmdi
	EndGlobalSection
EndGlobal
